
Microsoft Visual Studio Solution File, Format Version 12.00
# Visual Studio Version 17
VisualStudioVersion = 17.0.31903.59
MinimumVisualStudioVersion = 10.0.40219.1
Project("{2150E333-8FDC-42A3-9474-1A3956D46DE8}") = "src", "src", "{827E0CD3-B72D-47B6-A68D-7590B98EB39B}"
EndProject
Project("{2150E333-8FDC-42A3-9474-1A3956D46DE8}") = "Shared", "Shared", "{C8E42992-5E42-0C2B-DBFE-AA848D06431C}"
EndProject
Project("{FAE04EC0-301F-11D3-BF4B-00C04F79EFBC}") = "IhsanDev.Shared.Kernel", "src\Shared\IhsanDev.Shared.Kernel\IhsanDev.Shared.Kernel.csproj", "{66E13FE6-9964-4A94-A89E-8C6117C22175}"
EndProject
Project("{FAE04EC0-301F-11D3-BF4B-00C04F79EFBC}") = "IhsanDev.Shared.Application", "src\Shared\IhsanDev.Shared.Application\IhsanDev.Shared.Application.csproj", "{0E94BDA0-8D59-4F48-859F-654DDCE1DC57}"
EndProject
Project("{FAE04EC0-301F-11D3-BF4B-00C04F79EFBC}") = "IhsanDev.Shared.Infrastructure", "src\Shared\IhsanDev.Shared.Infrastructure\IhsanDev.Shared.Infrastructure.csproj", "{EBF76891-3423-46BA-A274-3532848425DB}"
EndProject
Project("{FAE04EC0-301F-11D3-BF4B-00C04F79EFBC}") = "IhsanDev.Shared.Authentication", "src\Shared\IhsanDev.Shared.Authentication\IhsanDev.Shared.Authentication.csproj", "{48EDDEA2-824C-47DF-B495-A0869CA05352}"
EndProject
Project("{2150E333-8FDC-42A3-9474-1A3956D46DE8}") = "Services", "Services", "{984BB9B3-3FA3-BE33-9484-CAC21695A33C}"
EndProject
Project("{2150E333-8FDC-42A3-9474-1A3956D46DE8}") = "Identity", "Identity", "{1BFC9479-12BF-35C3-06B8-42D89D95092B}"
EndProject
Project("{FAE04EC0-301F-11D3-BF4B-00C04F79EFBC}") = "Identity.Domain", "src\Services\Identity\Identity.Domain\Identity.Domain.csproj", "{882FD2D7-2626-45E0-9598-6E6208A0C026}"
EndProject
Project("{FAE04EC0-301F-11D3-BF4B-00C04F79EFBC}") = "Identity.Application", "src\Services\Identity\Identity.Application\Identity.Application.csproj", "{40DCC606-8465-4278-8EC8-EE99055029B1}"
EndProject
Project("{FAE04EC0-301F-11D3-BF4B-00C04F79EFBC}") = "Identity.Infrastructure", "src\Services\Identity\Identity.Infrastructure\Identity.Infrastructure.csproj", "{D2819349-F0DB-48E7-BBBE-2F1821DABAC7}"
EndProject
Project("{FAE04EC0-301F-11D3-BF4B-00C04F79EFBC}") = "Identity.API", "src\Services\Identity\Identity.API\Identity.API.csproj", "{206DE9F3-FA2C-4433-8DAC-1408CFA0F91A}"
EndProject
Project("{2150E333-8FDC-42A3-9474-1A3956D46DE8}") = "Tenant", "Tenant", "{4137BF28-B899-3035-DC87-9BA2D48E7A87}"
EndProject
Project("{FAE04EC0-301F-11D3-BF4B-00C04F79EFBC}") = "Tenant.Domain", "src\Services\Tenant\Tenant.Domain\Tenant.Domain.csproj", "{94283C22-C007-497B-8229-90CCC118CC34}"
EndProject
Project("{FAE04EC0-301F-11D3-BF4B-00C04F79EFBC}") = "Tenant.Application", "src\Services\Tenant\Tenant.Application\Tenant.Application.csproj", "{E2202C92-2ABA-48BD-886E-538C3951B380}"
EndProject
Project("{FAE04EC0-301F-11D3-BF4B-00C04F79EFBC}") = "Tenant.Infrastructure", "src\Services\Tenant\Tenant.Infrastructure\Tenant.Infrastructure.csproj", "{24D8C58D-B2C5-4F00-87FF-E89ABBE8DF92}"
EndProject
Project("{FAE04EC0-301F-11D3-BF4B-00C04F79EFBC}") = "Tenant.API", "src\Services\Tenant\Tenant.API\Tenant.API.csproj", "{04C233D6-B8CA-406F-8B89-68702132DA17}"
EndProject
Project("{FAE04EC0-301F-11D3-BF4B-00C04F79EFBC}") = "Tenant.API.Tests", "src\Services\Tenant\Tenant.API.Tests\Tenant.API.Tests.csproj", "{CEAEE270-A8C1-4E3D-933D-BD8F3426E6DD}"
EndProject
Project("{2150E333-8FDC-42A3-9474-1A3956D46DE8}") = "Notification", "Notification", "{C5FBE174-8E0F-F5A3-B929-8BD0C55C0A32}"
EndProject
Project("{FAE04EC0-301F-11D3-BF4B-00C04F79EFBC}") = "Notification.API", "src\Services\Notification\Notification.API\Notification.API.csproj", "{0D78C349-F86D-4D5B-8F9C-48DCC8BE559F}"
EndProject
Project("{FAE04EC0-301F-11D3-BF4B-00C04F79EFBC}") = "Notification.Application", "src\Services\Notification\Notification.Application\Notification.Application.csproj", "{DD507CCA-2CCD-4782-93F2-B070AE867E05}"
EndProject
Project("{FAE04EC0-301F-11D3-BF4B-00C04F79EFBC}") = "Notification.Domain", "src\Services\Notification\Notification.Domain\Notification.Domain.csproj", "{159A648B-299C-41C4-B235-56D282A4789A}"
EndProject
Project("{FAE04EC0-301F-11D3-BF4B-00C04F79EFBC}") = "Notification.Infrastructure", "src\Services\Notification\Notification.Infrastructure\Notification.Infrastructure.csproj", "{18207553-A602-45D4-9820-427B1B423162}"
EndProject
Project("{FAE04EC0-301F-11D3-BF4B-00C04F79EFBC}") = "Notification.API.Tests", "src\Services\Notification\Notification.API.Tests\Notification.API.Tests.csproj", "{107929D9-B85F-44A9-BFD8-91CA7A2E4A3E}"
EndProject
Project("{2150E333-8FDC-42A3-9474-1A3956D46DE8}") = "FileManager", "FileManager", "{F8A2C1E4-6B5D-4F7A-9C3E-1D8E9A4B5C6F}"
EndProject
Project("{FAE04EC0-301F-11D3-BF4B-00C04F79EFBC}") = "FileManager.Domain", "src\Services\FileManager\FileManager.Domain\FileManager.Domain.csproj", "{A1B2C3D4-E5F6-4A5B-8C9D-0E1F2A3B4C5D}"
EndProject
Project("{FAE04EC0-301F-11D3-BF4B-00C04F79EFBC}") = "FileManager.Application", "src\Services\FileManager\FileManager.Application\FileManager.Application.csproj", "{B2C3D4E5-F6A7-4B5C-9D0E-1F2A3B4C5D6E}"
EndProject
Project("{FAE04EC0-301F-11D3-BF4B-00C04F79EFBC}") = "FileManager.Infrastructure", "src\Services\FileManager\FileManager.Infrastructure\FileManager.Infrastructure.csproj", "{C3D4E5F6-A7B8-4C5D-0E1F-2A3B4C5D6E7F}"
EndProject
Project("{FAE04EC0-301F-11D3-BF4B-00C04F79EFBC}") = "FileManager.API", "src\Services\FileManager\FileManager.API\FileManager.API.csproj", "{D4E5F6A7-B8C9-4D5E-1F2A-3B4C5D6E7F8A}"
EndProject
Project("{FAE04EC0-301F-11D3-BF4B-00C04F79EFBC}") = "FileManager.API.Tests", "src\Services\FileManager\FileManager.API.Tests\FileManager.API.Tests.csproj", "{449A07AD-4CC8-4371-B6B7-378A12F7560F}"
EndProject
Project("{2150E333-8FDC-42A3-9474-1A3956D46DE8}") = "Translation", "Translation", "{46E67FE1-90E9-881E-5856-EB7C9C254E85}"
EndProject
Project("{FAE04EC0-301F-11D3-BF4B-00C04F79EFBC}") = "Translation.Domain", "src\Services\Translation\Translation.Domain\Translation.Domain.csproj", "{E0F08967-39AA-46AD-A2E5-CA68AC7BC32F}"
EndProject
Project("{FAE04EC0-301F-11D3-BF4B-00C04F79EFBC}") = "Translation.Application", "src\Services\Translation\Translation.Application\Translation.Application.csproj", "{99D02D21-4EA9-44DE-BDAE-D9034B0EB13D}"
EndProject
Project("{FAE04EC0-301F-11D3-BF4B-00C04F79EFBC}") = "Translation.Infrastructure", "src\Services\Translation\Translation.Infrastructure\Translation.Infrastructure.csproj", "{3B3F6CD7-FCCE-4C8A-8F06-3D60C27E01AA}"
EndProject
Project("{FAE04EC0-301F-11D3-BF4B-00C04F79EFBC}") = "Translation.API", "src\Services\Translation\Translation.API\Translation.API.csproj", "{EBC746C5-126D-4756-B578-F99EE6A9CD99}"
EndProject
Project("{FAE04EC0-301F-11D3-BF4B-00C04F79EFBC}") = "Translation.API.Tests", "src\Services\Translation\Translation.API.Tests\Translation.API.Tests.csproj", "{D3F6D25D-2BA1-4CF2-A180-AC7163349E77}"
EndProject
Project("{FAE04EC0-301F-11D3-BF4B-00C04F79EFBC}") = "IhsanDev.Shared.Testing", "src\Shared\IhsanDev.Shared.Testing\IhsanDev.Shared.Testing.csproj", "{DF1E552D-1DCA-48F1-9A8A-E8D6770CE5C7}"
EndProject
Project("{2150E333-8FDC-42A3-9474-1A3956D46DE8}") = "Nasheed", "Nasheed", "{79B79005-854F-4605-80C4-0DAF7DDE9437}"
EndProject
Project("{FAE04EC0-301F-11D3-BF4B-00C04F79EFBC}") = "Nasheed.Domain", "src\Apps\Nasheed\Nasheed.Domain\Nasheed.Domain.csproj", "{22572318-F384-466F-B3DD-34B375D644C1}"
EndProject
Project("{FAE04EC0-301F-11D3-BF4B-00C04F79EFBC}") = "Nasheed.Application", "src\Apps\Nasheed\Nasheed.Application\Nasheed.Application.csproj", "{A61B8BDC-E926-42CE-8431-B5516C0313B3}"
EndProject
Project("{FAE04EC0-301F-11D3-BF4B-00C04F79EFBC}") = "Nasheed.Infrastructure", "src\Apps\Nasheed\Nasheed.Infrastructure\Nasheed.Infrastructure.csproj", "{CCFD05AD-C845-4FEE-8CCB-7A8F6B25D59A}"
EndProject
Project("{FAE04EC0-301F-11D3-BF4B-00C04F79EFBC}") = "Nasheed.API", "src\Apps\Nasheed\Nasheed.API\Nasheed.API.csproj", "{BB21E2B7-2355-480E-8628-47A019FC6527}"
EndProject
Global
	GlobalSection(SolutionConfigurationPlatforms) = preSolution
		Debug|Any CPU = Debug|Any CPU
		Debug|x64 = Debug|x64
		Debug|x86 = Debug|x86
		Release|Any CPU = Release|Any CPU
		Release|x64 = Release|x64
		Release|x86 = Release|x86
	EndGlobalSection
	GlobalSection(ProjectConfigurationPlatforms) = postSolution
		{66E13FE6-9964-4A94-A89E-8C6117C22175}.Debug|Any CPU.ActiveCfg = Debug|Any CPU
		{66E13FE6-9964-4A94-A89E-8C6117C22175}.Debug|Any CPU.Build.0 = Debug|Any CPU
		{66E13FE6-9964-4A94-A89E-8C6117C22175}.Debug|x64.ActiveCfg = Debug|Any CPU
		{66E13FE6-9964-4A94-A89E-8C6117C22175}.Debug|x64.Build.0 = Debug|Any CPU
		{66E13FE6-9964-4A94-A89E-8C6117C22175}.Debug|x86.ActiveCfg = Debug|Any CPU
		{66E13FE6-9964-4A94-A89E-8C6117C22175}.Debug|x86.Build.0 = Debug|Any CPU
		{66E13FE6-9964-4A94-A89E-8C6117C22175}.Release|Any CPU.ActiveCfg = Release|Any CPU
		{66E13FE6-9964-4A94-A89E-8C6117C22175}.Release|Any CPU.Build.0 = Release|Any CPU
		{66E13FE6-9964-4A94-A89E-8C6117C22175}.Release|x64.ActiveCfg = Release|Any CPU
		{66E13FE6-9964-4A94-A89E-8C6117C22175}.Release|x64.Build.0 = Release|Any CPU
		{66E13FE6-9964-4A94-A89E-8C6117C22175}.Release|x86.ActiveCfg = Release|Any CPU
		{66E13FE6-9964-4A94-A89E-8C6117C22175}.Release|x86.Build.0 = Release|Any CPU
		{0E94BDA0-8D59-4F48-859F-654DDCE1DC57}.Debug|Any CPU.ActiveCfg = Debug|Any CPU
		{0E94BDA0-8D59-4F48-859F-654DDCE1DC57}.Debug|Any CPU.Build.0 = Debug|Any CPU
		{0E94BDA0-8D59-4F48-859F-654DDCE1DC57}.Debug|x64.ActiveCfg = Debug|Any CPU
		{0E94BDA0-8D59-4F48-859F-654DDCE1DC57}.Debug|x64.Build.0 = Debug|Any CPU
		{0E94BDA0-8D59-4F48-859F-654DDCE1DC57}.Debug|x86.ActiveCfg = Debug|Any CPU
		{0E94BDA0-8D59-4F48-859F-654DDCE1DC57}.Debug|x86.Build.0 = Debug|Any CPU
		{0E94BDA0-8D59-4F48-859F-654DDCE1DC57}.Release|Any CPU.ActiveCfg = Release|Any CPU
		{0E94BDA0-8D59-4F48-859F-654DDCE1DC57}.Release|Any CPU.Build.0 = Release|Any CPU
		{0E94BDA0-8D59-4F48-859F-654DDCE1DC57}.Release|x64.ActiveCfg = Release|Any CPU
		{0E94BDA0-8D59-4F48-859F-654DDCE1DC57}.Release|x64.Build.0 = Release|Any CPU
		{0E94BDA0-8D59-4F48-859F-654DDCE1DC57}.Release|x86.ActiveCfg = Release|Any CPU
		{0E94BDA0-8D59-4F48-859F-654DDCE1DC57}.Release|x86.Build.0 = Release|Any CPU
		{EBF76891-3423-46BA-A274-3532848425DB}.Debug|Any CPU.ActiveCfg = Debug|Any CPU
		{EBF76891-3423-46BA-A274-3532848425DB}.Debug|Any CPU.Build.0 = Debug|Any CPU
		{EBF76891-3423-46BA-A274-3532848425DB}.Debug|x64.ActiveCfg = Debug|Any CPU
		{EBF76891-3423-46BA-A274-3532848425DB}.Debug|x64.Build.0 = Debug|Any CPU
		{EBF76891-3423-46BA-A274-3532848425DB}.Debug|x86.ActiveCfg = Debug|Any CPU
		{EBF76891-3423-46BA-A274-3532848425DB}.Debug|x86.Build.0 = Debug|Any CPU
		{EBF76891-3423-46BA-A274-3532848425DB}.Release|Any CPU.ActiveCfg = Release|Any CPU
		{EBF76891-3423-46BA-A274-3532848425DB}.Release|Any CPU.Build.0 = Release|Any CPU
		{EBF76891-3423-46BA-A274-3532848425DB}.Release|x64.ActiveCfg = Release|Any CPU
		{EBF76891-3423-46BA-A274-3532848425DB}.Release|x64.Build.0 = Release|Any CPU
		{EBF76891-3423-46BA-A274-3532848425DB}.Release|x86.ActiveCfg = Release|Any CPU
		{EBF76891-3423-46BA-A274-3532848425DB}.Release|x86.Build.0 = Release|Any CPU
		{48EDDEA2-824C-47DF-B495-A0869CA05352}.Debug|Any CPU.ActiveCfg = Debug|Any CPU
		{48EDDEA2-824C-47DF-B495-A0869CA05352}.Debug|Any CPU.Build.0 = Debug|Any CPU
		{48EDDEA2-824C-47DF-B495-A0869CA05352}.Debug|x64.ActiveCfg = Debug|Any CPU
		{48EDDEA2-824C-47DF-B495-A0869CA05352}.Debug|x64.Build.0 = Debug|Any CPU
		{48EDDEA2-824C-47DF-B495-A0869CA05352}.Debug|x86.ActiveCfg = Debug|Any CPU
		{48EDDEA2-824C-47DF-B495-A0869CA05352}.Debug|x86.Build.0 = Debug|Any CPU
		{48EDDEA2-824C-47DF-B495-A0869CA05352}.Release|Any CPU.ActiveCfg = Release|Any CPU
		{48EDDEA2-824C-47DF-B495-A0869CA05352}.Release|Any CPU.Build.0 = Release|Any CPU
		{48EDDEA2-824C-47DF-B495-A0869CA05352}.Release|x64.ActiveCfg = Release|Any CPU
		{48EDDEA2-824C-47DF-B495-A0869CA05352}.Release|x64.Build.0 = Release|Any CPU
		{48EDDEA2-824C-47DF-B495-A0869CA05352}.Release|x86.ActiveCfg = Release|Any CPU
		{48EDDEA2-824C-47DF-B495-A0869CA05352}.Release|x86.Build.0 = Release|Any CPU
		{882FD2D7-2626-45E0-9598-6E6208A0C026}.Debug|Any CPU.ActiveCfg = Debug|Any CPU
		{882FD2D7-2626-45E0-9598-6E6208A0C026}.Debug|Any CPU.Build.0 = Debug|Any CPU
		{882FD2D7-2626-45E0-9598-6E6208A0C026}.Debug|x64.ActiveCfg = Debug|Any CPU
		{882FD2D7-2626-45E0-9598-6E6208A0C026}.Debug|x64.Build.0 = Debug|Any CPU
		{882FD2D7-2626-45E0-9598-6E6208A0C026}.Debug|x86.ActiveCfg = Debug|Any CPU
		{882FD2D7-2626-45E0-9598-6E6208A0C026}.Debug|x86.Build.0 = Debug|Any CPU
		{882FD2D7-2626-45E0-9598-6E6208A0C026}.Release|Any CPU.ActiveCfg = Release|Any CPU
		{882FD2D7-2626-45E0-9598-6E6208A0C026}.Release|Any CPU.Build.0 = Release|Any CPU
		{882FD2D7-2626-45E0-9598-6E6208A0C026}.Release|x64.ActiveCfg = Release|Any CPU
		{882FD2D7-2626-45E0-9598-6E6208A0C026}.Release|x64.Build.0 = Release|Any CPU
		{882FD2D7-2626-45E0-9598-6E6208A0C026}.Release|x86.ActiveCfg = Release|Any CPU
		{882FD2D7-2626-45E0-9598-6E6208A0C026}.Release|x86.Build.0 = Release|Any CPU
		{40DCC606-8465-4278-8EC8-EE99055029B1}.Debug|Any CPU.ActiveCfg = Debug|Any CPU
		{40DCC606-8465-4278-8EC8-EE99055029B1}.Debug|Any CPU.Build.0 = Debug|Any CPU
		{40DCC606-8465-4278-8EC8-EE99055029B1}.Debug|x64.ActiveCfg = Debug|Any CPU
		{40DCC606-8465-4278-8EC8-EE99055029B1}.Debug|x64.Build.0 = Debug|Any CPU
		{40DCC606-8465-4278-8EC8-EE99055029B1}.Debug|x86.ActiveCfg = Debug|Any CPU
		{40DCC606-8465-4278-8EC8-EE99055029B1}.Debug|x86.Build.0 = Debug|Any CPU
		{40DCC606-8465-4278-8EC8-EE99055029B1}.Release|Any CPU.ActiveCfg = Release|Any CPU
		{40DCC606-8465-4278-8EC8-EE99055029B1}.Release|Any CPU.Build.0 = Release|Any CPU
		{40DCC606-8465-4278-8EC8-EE99055029B1}.Release|x64.ActiveCfg = Release|Any CPU
		{40DCC606-8465-4278-8EC8-EE99055029B1}.Release|x64.Build.0 = Release|Any CPU
		{40DCC606-8465-4278-8EC8-EE99055029B1}.Release|x86.ActiveCfg = Release|Any CPU
		{40DCC606-8465-4278-8EC8-EE99055029B1}.Release|x86.Build.0 = Release|Any CPU
		{D2819349-F0DB-48E7-BBBE-2F1821DABAC7}.Debug|Any CPU.ActiveCfg = Debug|Any CPU
		{D2819349-F0DB-48E7-BBBE-2F1821DABAC7}.Debug|Any CPU.Build.0 = Debug|Any CPU
		{D2819349-F0DB-48E7-BBBE-2F1821DABAC7}.Debug|x64.ActiveCfg = Debug|Any CPU
		{D2819349-F0DB-48E7-BBBE-2F1821DABAC7}.Debug|x64.Build.0 = Debug|Any CPU
		{D2819349-F0DB-48E7-BBBE-2F1821DABAC7}.Debug|x86.ActiveCfg = Debug|Any CPU
		{D2819349-F0DB-48E7-BBBE-2F1821DABAC7}.Debug|x86.Build.0 = Debug|Any CPU
		{D2819349-F0DB-48E7-BBBE-2F1821DABAC7}.Release|Any CPU.ActiveCfg = Release|Any CPU
		{D2819349-F0DB-48E7-BBBE-2F1821DABAC7}.Release|Any CPU.Build.0 = Release|Any CPU
		{D2819349-F0DB-48E7-BBBE-2F1821DABAC7}.Release|x64.ActiveCfg = Release|Any CPU
		{D2819349-F0DB-48E7-BBBE-2F1821DABAC7}.Release|x64.Build.0 = Release|Any CPU
		{D2819349-F0DB-48E7-BBBE-2F1821DABAC7}.Release|x86.ActiveCfg = Release|Any CPU
		{D2819349-F0DB-48E7-BBBE-2F1821DABAC7}.Release|x86.Build.0 = Release|Any CPU
		{206DE9F3-FA2C-4433-8DAC-1408CFA0F91A}.Debug|Any CPU.ActiveCfg = Debug|Any CPU
		{206DE9F3-FA2C-4433-8DAC-1408CFA0F91A}.Debug|Any CPU.Build.0 = Debug|Any CPU
		{206DE9F3-FA2C-4433-8DAC-1408CFA0F91A}.Debug|x64.ActiveCfg = Debug|Any CPU
		{206DE9F3-FA2C-4433-8DAC-1408CFA0F91A}.Debug|x64.Build.0 = Debug|Any CPU
		{206DE9F3-FA2C-4433-8DAC-1408CFA0F91A}.Debug|x86.ActiveCfg = Debug|Any CPU
		{206DE9F3-FA2C-4433-8DAC-1408CFA0F91A}.Debug|x86.Build.0 = Debug|Any CPU
		{206DE9F3-FA2C-4433-8DAC-1408CFA0F91A}.Release|Any CPU.ActiveCfg = Release|Any CPU
		{206DE9F3-FA2C-4433-8DAC-1408CFA0F91A}.Release|Any CPU.Build.0 = Release|Any CPU
		{206DE9F3-FA2C-4433-8DAC-1408CFA0F91A}.Release|x64.ActiveCfg = Release|Any CPU
		{206DE9F3-FA2C-4433-8DAC-1408CFA0F91A}.Release|x64.Build.0 = Release|Any CPU
		{206DE9F3-FA2C-4433-8DAC-1408CFA0F91A}.Release|x86.ActiveCfg = Release|Any CPU
		{206DE9F3-FA2C-4433-8DAC-1408CFA0F91A}.Release|x86.Build.0 = Release|Any CPU
		{94283C22-C007-497B-8229-90CCC118CC34}.Debug|Any CPU.ActiveCfg = Debug|Any CPU
		{94283C22-C007-497B-8229-90CCC118CC34}.Debug|Any CPU.Build.0 = Debug|Any CPU
		{94283C22-C007-497B-8229-90CCC118CC34}.Debug|x64.ActiveCfg = Debug|Any CPU
		{94283C22-C007-497B-8229-90CCC118CC34}.Debug|x64.Build.0 = Debug|Any CPU
		{94283C22-C007-497B-8229-90CCC118CC34}.Debug|x86.ActiveCfg = Debug|Any CPU
		{94283C22-C007-497B-8229-90CCC118CC34}.Debug|x86.Build.0 = Debug|Any CPU
		{94283C22-C007-497B-8229-90CCC118CC34}.Release|Any CPU.ActiveCfg = Release|Any CPU
		{94283C22-C007-497B-8229-90CCC118CC34}.Release|Any CPU.Build.0 = Release|Any CPU
		{94283C22-C007-497B-8229-90CCC118CC34}.Release|x64.ActiveCfg = Release|Any CPU
		{94283C22-C007-497B-8229-90CCC118CC34}.Release|x64.Build.0 = Release|Any CPU
		{94283C22-C007-497B-8229-90CCC118CC34}.Release|x86.ActiveCfg = Release|Any CPU
		{94283C22-C007-497B-8229-90CCC118CC34}.Release|x86.Build.0 = Release|Any CPU
		{E2202C92-2ABA-48BD-886E-538C3951B380}.Debug|Any CPU.ActiveCfg = Debug|Any CPU
		{E2202C92-2ABA-48BD-886E-538C3951B380}.Debug|Any CPU.Build.0 = Debug|Any CPU
		{E2202C92-2ABA-48BD-886E-538C3951B380}.Debug|x64.ActiveCfg = Debug|Any CPU
		{E2202C92-2ABA-48BD-886E-538C3951B380}.Debug|x64.Build.0 = Debug|Any CPU
		{E2202C92-2ABA-48BD-886E-538C3951B380}.Debug|x86.ActiveCfg = Debug|Any CPU
		{E2202C92-2ABA-48BD-886E-538C3951B380}.Debug|x86.Build.0 = Debug|Any CPU
		{E2202C92-2ABA-48BD-886E-538C3951B380}.Release|Any CPU.ActiveCfg = Release|Any CPU
		{E2202C92-2ABA-48BD-886E-538C3951B380}.Release|Any CPU.Build.0 = Release|Any CPU
		{E2202C92-2ABA-48BD-886E-538C3951B380}.Release|x64.ActiveCfg = Release|Any CPU
		{E2202C92-2ABA-48BD-886E-538C3951B380}.Release|x64.Build.0 = Release|Any CPU
		{E2202C92-2ABA-48BD-886E-538C3951B380}.Release|x86.ActiveCfg = Release|Any CPU
		{E2202C92-2ABA-48BD-886E-538C3951B380}.Release|x86.Build.0 = Release|Any CPU
		{24D8C58D-B2C5-4F00-87FF-E89ABBE8DF92}.Debug|Any CPU.ActiveCfg = Debug|Any CPU
		{24D8C58D-B2C5-4F00-87FF-E89ABBE8DF92}.Debug|Any CPU.Build.0 = Debug|Any CPU
		{24D8C58D-B2C5-4F00-87FF-E89ABBE8DF92}.Debug|x64.ActiveCfg = Debug|Any CPU
		{24D8C58D-B2C5-4F00-87FF-E89ABBE8DF92}.Debug|x64.Build.0 = Debug|Any CPU
		{24D8C58D-B2C5-4F00-87FF-E89ABBE8DF92}.Debug|x86.ActiveCfg = Debug|Any CPU
		{24D8C58D-B2C5-4F00-87FF-E89ABBE8DF92}.Debug|x86.Build.0 = Debug|Any CPU
		{24D8C58D-B2C5-4F00-87FF-E89ABBE8DF92}.Release|Any CPU.ActiveCfg = Release|Any CPU
		{24D8C58D-B2C5-4F00-87FF-E89ABBE8DF92}.Release|Any CPU.Build.0 = Release|Any CPU
		{24D8C58D-B2C5-4F00-87FF-E89ABBE8DF92}.Release|x64.ActiveCfg = Release|Any CPU
		{24D8C58D-B2C5-4F00-87FF-E89ABBE8DF92}.Release|x64.Build.0 = Release|Any CPU
		{24D8C58D-B2C5-4F00-87FF-E89ABBE8DF92}.Release|x86.ActiveCfg = Release|Any CPU
		{24D8C58D-B2C5-4F00-87FF-E89ABBE8DF92}.Release|x86.Build.0 = Release|Any CPU
		{04C233D6-B8CA-406F-8B89-68702132DA17}.Debug|Any CPU.ActiveCfg = Debug|Any CPU
		{04C233D6-B8CA-406F-8B89-68702132DA17}.Debug|Any CPU.Build.0 = Debug|Any CPU
		{04C233D6-B8CA-406F-8B89-68702132DA17}.Debug|x64.ActiveCfg = Debug|Any CPU
		{04C233D6-B8CA-406F-8B89-68702132DA17}.Debug|x64.Build.0 = Debug|Any CPU
		{04C233D6-B8CA-406F-8B89-68702132DA17}.Debug|x86.ActiveCfg = Debug|Any CPU
		{04C233D6-B8CA-406F-8B89-68702132DA17}.Debug|x86.Build.0 = Debug|Any CPU
		{04C233D6-B8CA-406F-8B89-68702132DA17}.Release|Any CPU.ActiveCfg = Release|Any CPU
		{04C233D6-B8CA-406F-8B89-68702132DA17}.Release|Any CPU.Build.0 = Release|Any CPU
		{04C233D6-B8CA-406F-8B89-68702132DA17}.Release|x64.ActiveCfg = Release|Any CPU
		{04C233D6-B8CA-406F-8B89-68702132DA17}.Release|x64.Build.0 = Release|Any CPU
		{04C233D6-B8CA-406F-8B89-68702132DA17}.Release|x86.ActiveCfg = Release|Any CPU
		{04C233D6-B8CA-406F-8B89-68702132DA17}.Release|x86.Build.0 = Release|Any CPU
		{CEAEE270-A8C1-4E3D-933D-BD8F3426E6DD}.Debug|Any CPU.ActiveCfg = Debug|Any CPU
		{CEAEE270-A8C1-4E3D-933D-BD8F3426E6DD}.Debug|Any CPU.Build.0 = Debug|Any CPU
		{CEAEE270-A8C1-4E3D-933D-BD8F3426E6DD}.Debug|x64.ActiveCfg = Debug|Any CPU
		{CEAEE270-A8C1-4E3D-933D-BD8F3426E6DD}.Debug|x64.Build.0 = Debug|Any CPU
		{CEAEE270-A8C1-4E3D-933D-BD8F3426E6DD}.Debug|x86.ActiveCfg = Debug|Any CPU
		{CEAEE270-A8C1-4E3D-933D-BD8F3426E6DD}.Debug|x86.Build.0 = Debug|Any CPU
		{CEAEE270-A8C1-4E3D-933D-BD8F3426E6DD}.Release|Any CPU.ActiveCfg = Release|Any CPU
		{CEAEE270-A8C1-4E3D-933D-BD8F3426E6DD}.Release|Any CPU.Build.0 = Release|Any CPU
		{CEAEE270-A8C1-4E3D-933D-BD8F3426E6DD}.Release|x64.ActiveCfg = Release|Any CPU
		{CEAEE270-A8C1-4E3D-933D-BD8F3426E6DD}.Release|x64.Build.0 = Release|Any CPU
		{CEAEE270-A8C1-4E3D-933D-BD8F3426E6DD}.Release|x86.ActiveCfg = Release|Any CPU
		{CEAEE270-A8C1-4E3D-933D-BD8F3426E6DD}.Release|x86.Build.0 = Release|Any CPU
		{0D78C349-F86D-4D5B-8F9C-48DCC8BE559F}.Debug|Any CPU.ActiveCfg = Debug|Any CPU
		{0D78C349-F86D-4D5B-8F9C-48DCC8BE559F}.Debug|Any CPU.Build.0 = Debug|Any CPU
		{0D78C349-F86D-4D5B-8F9C-48DCC8BE559F}.Debug|x64.ActiveCfg = Debug|Any CPU
		{0D78C349-F86D-4D5B-8F9C-48DCC8BE559F}.Debug|x64.Build.0 = Debug|Any CPU
		{0D78C349-F86D-4D5B-8F9C-48DCC8BE559F}.Debug|x86.ActiveCfg = Debug|Any CPU
		{0D78C349-F86D-4D5B-8F9C-48DCC8BE559F}.Debug|x86.Build.0 = Debug|Any CPU
		{0D78C349-F86D-4D5B-8F9C-48DCC8BE559F}.Release|Any CPU.ActiveCfg = Release|Any CPU
		{0D78C349-F86D-4D5B-8F9C-48DCC8BE559F}.Release|Any CPU.Build.0 = Release|Any CPU
		{0D78C349-F86D-4D5B-8F9C-48DCC8BE559F}.Release|x64.ActiveCfg = Release|Any CPU
		{0D78C349-F86D-4D5B-8F9C-48DCC8BE559F}.Release|x64.Build.0 = Release|Any CPU
		{0D78C349-F86D-4D5B-8F9C-48DCC8BE559F}.Release|x86.ActiveCfg = Release|Any CPU
		{0D78C349-F86D-4D5B-8F9C-48DCC8BE559F}.Release|x86.Build.0 = Release|Any CPU
		{DD507CCA-2CCD-4782-93F2-B070AE867E05}.Debug|Any CPU.ActiveCfg = Debug|Any CPU
		{DD507CCA-2CCD-4782-93F2-B070AE867E05}.Debug|Any CPU.Build.0 = Debug|Any CPU
		{DD507CCA-2CCD-4782-93F2-B070AE867E05}.Debug|x64.ActiveCfg = Debug|Any CPU
		{DD507CCA-2CCD-4782-93F2-B070AE867E05}.Debug|x64.Build.0 = Debug|Any CPU
		{DD507CCA-2CCD-4782-93F2-B070AE867E05}.Debug|x86.ActiveCfg = Debug|Any CPU
		{DD507CCA-2CCD-4782-93F2-B070AE867E05}.Debug|x86.Build.0 = Debug|Any CPU
		{DD507CCA-2CCD-4782-93F2-B070AE867E05}.Release|Any CPU.ActiveCfg = Release|Any CPU
		{DD507CCA-2CCD-4782-93F2-B070AE867E05}.Release|Any CPU.Build.0 = Release|Any CPU
		{DD507CCA-2CCD-4782-93F2-B070AE867E05}.Release|x64.ActiveCfg = Release|Any CPU
		{DD507CCA-2CCD-4782-93F2-B070AE867E05}.Release|x64.Build.0 = Release|Any CPU
		{DD507CCA-2CCD-4782-93F2-B070AE867E05}.Release|x86.ActiveCfg = Release|Any CPU
		{DD507CCA-2CCD-4782-93F2-B070AE867E05}.Release|x86.Build.0 = Release|Any CPU
		{159A648B-299C-41C4-B235-56D282A4789A}.Debug|Any CPU.ActiveCfg = Debug|Any CPU
		{159A648B-299C-41C4-B235-56D282A4789A}.Debug|Any CPU.Build.0 = Debug|Any CPU
		{159A648B-299C-41C4-B235-56D282A4789A}.Debug|x64.ActiveCfg = Debug|Any CPU
		{159A648B-299C-41C4-B235-56D282A4789A}.Debug|x64.Build.0 = Debug|Any CPU
		{159A648B-299C-41C4-B235-56D282A4789A}.Debug|x86.ActiveCfg = Debug|Any CPU
		{159A648B-299C-41C4-B235-56D282A4789A}.Debug|x86.Build.0 = Debug|Any CPU
		{159A648B-299C-41C4-B235-56D282A4789A}.Release|Any CPU.ActiveCfg = Release|Any CPU
		{159A648B-299C-41C4-B235-56D282A4789A}.Release|Any CPU.Build.0 = Release|Any CPU
		{159A648B-299C-41C4-B235-56D282A4789A}.Release|x64.ActiveCfg = Release|Any CPU
		{159A648B-299C-41C4-B235-56D282A4789A}.Release|x64.Build.0 = Release|Any CPU
		{159A648B-299C-41C4-B235-56D282A4789A}.Release|x86.ActiveCfg = Release|Any CPU
		{159A648B-299C-41C4-B235-56D282A4789A}.Release|x86.Build.0 = Release|Any CPU
		{18207553-A602-45D4-9820-427B1B423162}.Debug|Any CPU.ActiveCfg = Debug|Any CPU
		{18207553-A602-45D4-9820-427B1B423162}.Debug|Any CPU.Build.0 = Debug|Any CPU
		{18207553-A602-45D4-9820-427B1B423162}.Debug|x64.ActiveCfg = Debug|Any CPU
		{18207553-A602-45D4-9820-427B1B423162}.Debug|x64.Build.0 = Debug|Any CPU
		{18207553-A602-45D4-9820-427B1B423162}.Debug|x86.ActiveCfg = Debug|Any CPU
		{18207553-A602-45D4-9820-427B1B423162}.Debug|x86.Build.0 = Debug|Any CPU
		{18207553-A602-45D4-9820-427B1B423162}.Release|Any CPU.ActiveCfg = Release|Any CPU
		{18207553-A602-45D4-9820-427B1B423162}.Release|Any CPU.Build.0 = Release|Any CPU
		{18207553-A602-45D4-9820-427B1B423162}.Release|x64.ActiveCfg = Release|Any CPU
		{18207553-A602-45D4-9820-427B1B423162}.Release|x64.Build.0 = Release|Any CPU
		{18207553-A602-45D4-9820-427B1B423162}.Release|x86.ActiveCfg = Release|Any CPU
		{18207553-A602-45D4-9820-427B1B423162}.Release|x86.Build.0 = Release|Any CPU
		{107929D9-B85F-44A9-BFD8-91CA7A2E4A3E}.Debug|Any CPU.ActiveCfg = Debug|Any CPU
		{107929D9-B85F-44A9-BFD8-91CA7A2E4A3E}.Debug|Any CPU.Build.0 = Debug|Any CPU
		{107929D9-B85F-44A9-BFD8-91CA7A2E4A3E}.Debug|x64.ActiveCfg = Debug|Any CPU
		{107929D9-B85F-44A9-BFD8-91CA7A2E4A3E}.Debug|x64.Build.0 = Debug|Any CPU
		{107929D9-B85F-44A9-BFD8-91CA7A2E4A3E}.Debug|x86.ActiveCfg = Debug|Any CPU
		{107929D9-B85F-44A9-BFD8-91CA7A2E4A3E}.Debug|x86.Build.0 = Debug|Any CPU
		{107929D9-B85F-44A9-BFD8-91CA7A2E4A3E}.Release|Any CPU.ActiveCfg = Release|Any CPU
		{107929D9-B85F-44A9-BFD8-91CA7A2E4A3E}.Release|Any CPU.Build.0 = Release|Any CPU
		{107929D9-B85F-44A9-BFD8-91CA7A2E4A3E}.Release|x64.ActiveCfg = Release|Any CPU
		{107929D9-B85F-44A9-BFD8-91CA7A2E4A3E}.Release|x64.Build.0 = Release|Any CPU
		{107929D9-B85F-44A9-BFD8-91CA7A2E4A3E}.Release|x86.ActiveCfg = Release|Any CPU
		{107929D9-B85F-44A9-BFD8-91CA7A2E4A3E}.Release|x86.Build.0 = Release|Any CPU
		{A1B2C3D4-E5F6-4A5B-8C9D-0E1F2A3B4C5D}.Debug|Any CPU.ActiveCfg = Debug|Any CPU
		{A1B2C3D4-E5F6-4A5B-8C9D-0E1F2A3B4C5D}.Debug|Any CPU.Build.0 = Debug|Any CPU
		{A1B2C3D4-E5F6-4A5B-8C9D-0E1F2A3B4C5D}.Debug|x64.ActiveCfg = Debug|Any CPU
		{A1B2C3D4-E5F6-4A5B-8C9D-0E1F2A3B4C5D}.Debug|x64.Build.0 = Debug|Any CPU
		{A1B2C3D4-E5F6-4A5B-8C9D-0E1F2A3B4C5D}.Debug|x86.ActiveCfg = Debug|Any CPU
		{A1B2C3D4-E5F6-4A5B-8C9D-0E1F2A3B4C5D}.Debug|x86.Build.0 = Debug|Any CPU
		{A1B2C3D4-E5F6-4A5B-8C9D-0E1F2A3B4C5D}.Release|Any CPU.ActiveCfg = Release|Any CPU
		{A1B2C3D4-E5F6-4A5B-8C9D-0E1F2A3B4C5D}.Release|Any CPU.Build.0 = Release|Any CPU
		{A1B2C3D4-E5F6-4A5B-8C9D-0E1F2A3B4C5D}.Release|x64.ActiveCfg = Release|Any CPU
		{A1B2C3D4-E5F6-4A5B-8C9D-0E1F2A3B4C5D}.Release|x64.Build.0 = Release|Any CPU
		{A1B2C3D4-E5F6-4A5B-8C9D-0E1F2A3B4C5D}.Release|x86.ActiveCfg = Release|Any CPU
		{A1B2C3D4-E5F6-4A5B-8C9D-0E1F2A3B4C5D}.Release|x86.Build.0 = Release|Any CPU
		{B2C3D4E5-F6A7-4B5C-9D0E-1F2A3B4C5D6E}.Debug|Any CPU.ActiveCfg = Debug|Any CPU
		{B2C3D4E5-F6A7-4B5C-9D0E-1F2A3B4C5D6E}.Debug|Any CPU.Build.0 = Debug|Any CPU
		{B2C3D4E5-F6A7-4B5C-9D0E-1F2A3B4C5D6E}.Debug|x64.ActiveCfg = Debug|Any CPU
		{B2C3D4E5-F6A7-4B5C-9D0E-1F2A3B4C5D6E}.Debug|x64.Build.0 = Debug|Any CPU
		{B2C3D4E5-F6A7-4B5C-9D0E-1F2A3B4C5D6E}.Debug|x86.ActiveCfg = Debug|Any CPU
		{B2C3D4E5-F6A7-4B5C-9D0E-1F2A3B4C5D6E}.Debug|x86.Build.0 = Debug|Any CPU
		{B2C3D4E5-F6A7-4B5C-9D0E-1F2A3B4C5D6E}.Release|Any CPU.ActiveCfg = Release|Any CPU
		{B2C3D4E5-F6A7-4B5C-9D0E-1F2A3B4C5D6E}.Release|Any CPU.Build.0 = Release|Any CPU
		{B2C3D4E5-F6A7-4B5C-9D0E-1F2A3B4C5D6E}.Release|x64.ActiveCfg = Release|Any CPU
		{B2C3D4E5-F6A7-4B5C-9D0E-1F2A3B4C5D6E}.Release|x64.Build.0 = Release|Any CPU
		{B2C3D4E5-F6A7-4B5C-9D0E-1F2A3B4C5D6E}.Release|x86.ActiveCfg = Release|Any CPU
		{B2C3D4E5-F6A7-4B5C-9D0E-1F2A3B4C5D6E}.Release|x86.Build.0 = Release|Any CPU
		{C3D4E5F6-A7B8-4C5D-0E1F-2A3B4C5D6E7F}.Debug|Any CPU.ActiveCfg = Debug|Any CPU
		{C3D4E5F6-A7B8-4C5D-0E1F-2A3B4C5D6E7F}.Debug|Any CPU.Build.0 = Debug|Any CPU
		{C3D4E5F6-A7B8-4C5D-0E1F-2A3B4C5D6E7F}.Debug|x64.ActiveCfg = Debug|Any CPU
		{C3D4E5F6-A7B8-4C5D-0E1F-2A3B4C5D6E7F}.Debug|x64.Build.0 = Debug|Any CPU
		{C3D4E5F6-A7B8-4C5D-0E1F-2A3B4C5D6E7F}.Debug|x86.ActiveCfg = Debug|Any CPU
		{C3D4E5F6-A7B8-4C5D-0E1F-2A3B4C5D6E7F}.Debug|x86.Build.0 = Debug|Any CPU
		{C3D4E5F6-A7B8-4C5D-0E1F-2A3B4C5D6E7F}.Release|Any CPU.ActiveCfg = Release|Any CPU
		{C3D4E5F6-A7B8-4C5D-0E1F-2A3B4C5D6E7F}.Release|Any CPU.Build.0 = Release|Any CPU
		{C3D4E5F6-A7B8-4C5D-0E1F-2A3B4C5D6E7F}.Release|x64.ActiveCfg = Release|Any CPU
		{C3D4E5F6-A7B8-4C5D-0E1F-2A3B4C5D6E7F}.Release|x64.Build.0 = Release|Any CPU
		{C3D4E5F6-A7B8-4C5D-0E1F-2A3B4C5D6E7F}.Release|x86.ActiveCfg = Release|Any CPU
		{C3D4E5F6-A7B8-4C5D-0E1F-2A3B4C5D6E7F}.Release|x86.Build.0 = Release|Any CPU
		{D4E5F6A7-B8C9-4D5E-1F2A-3B4C5D6E7F8A}.Debug|Any CPU.ActiveCfg = Debug|Any CPU
		{D4E5F6A7-B8C9-4D5E-1F2A-3B4C5D6E7F8A}.Debug|Any CPU.Build.0 = Debug|Any CPU
		{D4E5F6A7-B8C9-4D5E-1F2A-3B4C5D6E7F8A}.Debug|x64.ActiveCfg = Debug|Any CPU
		{D4E5F6A7-B8C9-4D5E-1F2A-3B4C5D6E7F8A}.Debug|x64.Build.0 = Debug|Any CPU
		{D4E5F6A7-B8C9-4D5E-1F2A-3B4C5D6E7F8A}.Debug|x86.ActiveCfg = Debug|Any CPU
		{D4E5F6A7-B8C9-4D5E-1F2A-3B4C5D6E7F8A}.Debug|x86.Build.0 = Debug|Any CPU
		{D4E5F6A7-B8C9-4D5E-1F2A-3B4C5D6E7F8A}.Release|Any CPU.ActiveCfg = Release|Any CPU
		{D4E5F6A7-B8C9-4D5E-1F2A-3B4C5D6E7F8A}.Release|Any CPU.Build.0 = Release|Any CPU
		{D4E5F6A7-B8C9-4D5E-1F2A-3B4C5D6E7F8A}.Release|x64.ActiveCfg = Release|Any CPU
		{D4E5F6A7-B8C9-4D5E-1F2A-3B4C5D6E7F8A}.Release|x64.Build.0 = Release|Any CPU
		{D4E5F6A7-B8C9-4D5E-1F2A-3B4C5D6E7F8A}.Release|x86.ActiveCfg = Release|Any CPU
		{D4E5F6A7-B8C9-4D5E-1F2A-3B4C5D6E7F8A}.Release|x86.Build.0 = Release|Any CPU
		{449A07AD-4CC8-4371-B6B7-378A12F7560F}.Debug|Any CPU.ActiveCfg = Debug|Any CPU
		{449A07AD-4CC8-4371-B6B7-378A12F7560F}.Debug|Any CPU.Build.0 = Debug|Any CPU
		{449A07AD-4CC8-4371-B6B7-378A12F7560F}.Debug|x64.ActiveCfg = Debug|Any CPU
		{449A07AD-4CC8-4371-B6B7-378A12F7560F}.Debug|x64.Build.0 = Debug|Any CPU
		{449A07AD-4CC8-4371-B6B7-378A12F7560F}.Debug|x86.ActiveCfg = Debug|Any CPU
		{449A07AD-4CC8-4371-B6B7-378A12F7560F}.Debug|x86.Build.0 = Debug|Any CPU
		{449A07AD-4CC8-4371-B6B7-378A12F7560F}.Release|Any CPU.ActiveCfg = Release|Any CPU
		{449A07AD-4CC8-4371-B6B7-378A12F7560F}.Release|Any CPU.Build.0 = Release|Any CPU
		{449A07AD-4CC8-4371-B6B7-378A12F7560F}.Release|x64.ActiveCfg = Release|Any CPU
		{449A07AD-4CC8-4371-B6B7-378A12F7560F}.Release|x64.Build.0 = Release|Any CPU
		{449A07AD-4CC8-4371-B6B7-378A12F7560F}.Release|x86.ActiveCfg = Release|Any CPU
		{449A07AD-4CC8-4371-B6B7-378A12F7560F}.Release|x86.Build.0 = Release|Any CPU
		{E0F08967-39AA-46AD-A2E5-CA68AC7BC32F}.Debug|Any CPU.ActiveCfg = Debug|Any CPU
		{E0F08967-39AA-46AD-A2E5-CA68AC7BC32F}.Debug|Any CPU.Build.0 = Debug|Any CPU
		{E0F08967-39AA-46AD-A2E5-CA68AC7BC32F}.Debug|x64.ActiveCfg = Debug|Any CPU
		{E0F08967-39AA-46AD-A2E5-CA68AC7BC32F}.Debug|x64.Build.0 = Debug|Any CPU
		{E0F08967-39AA-46AD-A2E5-CA68AC7BC32F}.Debug|x86.ActiveCfg = Debug|Any CPU
		{E0F08967-39AA-46AD-A2E5-CA68AC7BC32F}.Debug|x86.Build.0 = Debug|Any CPU
		{E0F08967-39AA-46AD-A2E5-CA68AC7BC32F}.Release|Any CPU.ActiveCfg = Release|Any CPU
		{E0F08967-39AA-46AD-A2E5-CA68AC7BC32F}.Release|Any CPU.Build.0 = Release|Any CPU
		{E0F08967-39AA-46AD-A2E5-CA68AC7BC32F}.Release|x64.ActiveCfg = Release|Any CPU
		{E0F08967-39AA-46AD-A2E5-CA68AC7BC32F}.Release|x64.Build.0 = Release|Any CPU
		{E0F08967-39AA-46AD-A2E5-CA68AC7BC32F}.Release|x86.ActiveCfg = Release|Any CPU
		{E0F08967-39AA-46AD-A2E5-CA68AC7BC32F}.Release|x86.Build.0 = Release|Any CPU
		{99D02D21-4EA9-44DE-BDAE-D9034B0EB13D}.Debug|Any CPU.ActiveCfg = Debug|Any CPU
		{99D02D21-4EA9-44DE-BDAE-D9034B0EB13D}.Debug|Any CPU.Build.0 = Debug|Any CPU
		{99D02D21-4EA9-44DE-BDAE-D9034B0EB13D}.Debug|x64.ActiveCfg = Debug|Any CPU
		{99D02D21-4EA9-44DE-BDAE-D9034B0EB13D}.Debug|x64.Build.0 = Debug|Any CPU
		{99D02D21-4EA9-44DE-BDAE-D9034B0EB13D}.Debug|x86.ActiveCfg = Debug|Any CPU
		{99D02D21-4EA9-44DE-BDAE-D9034B0EB13D}.Debug|x86.Build.0 = Debug|Any CPU
		{99D02D21-4EA9-44DE-BDAE-D9034B0EB13D}.Release|Any CPU.ActiveCfg = Release|Any CPU
		{99D02D21-4EA9-44DE-BDAE-D9034B0EB13D}.Release|Any CPU.Build.0 = Release|Any CPU
		{99D02D21-4EA9-44DE-BDAE-D9034B0EB13D}.Release|x64.ActiveCfg = Release|Any CPU
		{99D02D21-4EA9-44DE-BDAE-D9034B0EB13D}.Release|x64.Build.0 = Release|Any CPU
		{99D02D21-4EA9-44DE-BDAE-D9034B0EB13D}.Release|x86.ActiveCfg = Release|Any CPU
		{99D02D21-4EA9-44DE-BDAE-D9034B0EB13D}.Release|x86.Build.0 = Release|Any CPU
		{3B3F6CD7-FCCE-4C8A-8F06-3D60C27E01AA}.Debug|Any CPU.ActiveCfg = Debug|Any CPU
		{3B3F6CD7-FCCE-4C8A-8F06-3D60C27E01AA}.Debug|Any CPU.Build.0 = Debug|Any CPU
		{3B3F6CD7-FCCE-4C8A-8F06-3D60C27E01AA}.Debug|x64.ActiveCfg = Debug|Any CPU
		{3B3F6CD7-FCCE-4C8A-8F06-3D60C27E01AA}.Debug|x64.Build.0 = Debug|Any CPU
		{3B3F6CD7-FCCE-4C8A-8F06-3D60C27E01AA}.Debug|x86.ActiveCfg = Debug|Any CPU
		{3B3F6CD7-FCCE-4C8A-8F06-3D60C27E01AA}.Debug|x86.Build.0 = Debug|Any CPU
		{3B3F6CD7-FCCE-4C8A-8F06-3D60C27E01AA}.Release|Any CPU.ActiveCfg = Release|Any CPU
		{3B3F6CD7-FCCE-4C8A-8F06-3D60C27E01AA}.Release|Any CPU.Build.0 = Release|Any CPU
		{3B3F6CD7-FCCE-4C8A-8F06-3D60C27E01AA}.Release|x64.ActiveCfg = Release|Any CPU
		{3B3F6CD7-FCCE-4C8A-8F06-3D60C27E01AA}.Release|x64.Build.0 = Release|Any CPU
		{3B3F6CD7-FCCE-4C8A-8F06-3D60C27E01AA}.Release|x86.ActiveCfg = Release|Any CPU
		{3B3F6CD7-FCCE-4C8A-8F06-3D60C27E01AA}.Release|x86.Build.0 = Release|Any CPU
		{EBC746C5-126D-4756-B578-F99EE6A9CD99}.Debug|Any CPU.ActiveCfg = Debug|Any CPU
		{EBC746C5-126D-4756-B578-F99EE6A9CD99}.Debug|Any CPU.Build.0 = Debug|Any CPU
		{EBC746C5-126D-4756-B578-F99EE6A9CD99}.Debug|x64.ActiveCfg = Debug|Any CPU
		{EBC746C5-126D-4756-B578-F99EE6A9CD99}.Debug|x64.Build.0 = Debug|Any CPU
		{EBC746C5-126D-4756-B578-F99EE6A9CD99}.Debug|x86.ActiveCfg = Debug|Any CPU
		{EBC746C5-126D-4756-B578-F99EE6A9CD99}.Debug|x86.Build.0 = Debug|Any CPU
		{EBC746C5-126D-4756-B578-F99EE6A9CD99}.Release|Any CPU.ActiveCfg = Release|Any CPU
		{EBC746C5-126D-4756-B578-F99EE6A9CD99}.Release|Any CPU.Build.0 = Release|Any CPU
		{EBC746C5-126D-4756-B578-F99EE6A9CD99}.Release|x64.ActiveCfg = Release|Any CPU
		{EBC746C5-126D-4756-B578-F99EE6A9CD99}.Release|x64.Build.0 = Release|Any CPU
		{EBC746C5-126D-4756-B578-F99EE6A9CD99}.Release|x86.ActiveCfg = Release|Any CPU
		{EBC746C5-126D-4756-B578-F99EE6A9CD99}.Release|x86.Build.0 = Release|Any CPU
		{D3F6D25D-2BA1-4CF2-A180-AC7163349E77}.Debug|Any CPU.ActiveCfg = Debug|Any CPU
		{D3F6D25D-2BA1-4CF2-A180-AC7163349E77}.Debug|Any CPU.Build.0 = Debug|Any CPU
		{D3F6D25D-2BA1-4CF2-A180-AC7163349E77}.Debug|x64.ActiveCfg = Debug|Any CPU
		{D3F6D25D-2BA1-4CF2-A180-AC7163349E77}.Debug|x64.Build.0 = Debug|Any CPU
		{D3F6D25D-2BA1-4CF2-A180-AC7163349E77}.Debug|x86.ActiveCfg = Debug|Any CPU
		{D3F6D25D-2BA1-4CF2-A180-AC7163349E77}.Debug|x86.Build.0 = Debug|Any CPU
		{D3F6D25D-2BA1-4CF2-A180-AC7163349E77}.Release|Any CPU.ActiveCfg = Release|Any CPU
		{D3F6D25D-2BA1-4CF2-A180-AC7163349E77}.Release|Any CPU.Build.0 = Release|Any CPU
		{D3F6D25D-2BA1-4CF2-A180-AC7163349E77}.Release|x64.ActiveCfg = Release|Any CPU
		{D3F6D25D-2BA1-4CF2-A180-AC7163349E77}.Release|x64.Build.0 = Release|Any CPU
		{D3F6D25D-2BA1-4CF2-A180-AC7163349E77}.Release|x86.ActiveCfg = Release|Any CPU
		{D3F6D25D-2BA1-4CF2-A180-AC7163349E77}.Release|x86.Build.0 = Release|Any CPU
		{DF1E552D-1DCA-48F1-9A8A-E8D6770CE5C7}.Debug|Any CPU.ActiveCfg = Debug|Any CPU
		{DF1E552D-1DCA-48F1-9A8A-E8D6770CE5C7}.Debug|Any CPU.Build.0 = Debug|Any CPU
		{DF1E552D-1DCA-48F1-9A8A-E8D6770CE5C7}.Debug|x64.ActiveCfg = Debug|Any CPU
		{DF1E552D-1DCA-48F1-9A8A-E8D6770CE5C7}.Debug|x64.Build.0 = Debug|Any CPU
		{DF1E552D-1DCA-48F1-9A8A-E8D6770CE5C7}.Debug|x86.ActiveCfg = Debug|Any CPU
		{DF1E552D-1DCA-48F1-9A8A-E8D6770CE5C7}.Debug|x86.Build.0 = Debug|Any CPU
		{DF1E552D-1DCA-48F1-9A8A-E8D6770CE5C7}.Release|Any CPU.ActiveCfg = Release|Any CPU
		{DF1E552D-1DCA-48F1-9A8A-E8D6770CE5C7}.Release|Any CPU.Build.0 = Release|Any CPU
		{DF1E552D-1DCA-48F1-9A8A-E8D6770CE5C7}.Release|x64.ActiveCfg = Release|Any CPU
		{DF1E552D-1DCA-48F1-9A8A-E8D6770CE5C7}.Release|x64.Build.0 = Release|Any CPU
		{DF1E552D-1DCA-48F1-9A8A-E8D6770CE5C7}.Release|x86.ActiveCfg = Release|Any CPU
		{DF1E552D-1DCA-48F1-9A8A-E8D6770CE5C7}.Release|x86.Build.0 = Release|Any CPU
		{22572318-F384-466F-B3DD-34B375D644C1}.Debug|Any CPU.ActiveCfg = Debug|Any CPU
		{22572318-F384-466F-B3DD-34B375D644C1}.Debug|Any CPU.Build.0 = Debug|Any CPU
		{22572318-F384-466F-B3DD-34B375D644C1}.Debug|x64.ActiveCfg = Debug|Any CPU
		{22572318-F384-466F-B3DD-34B375D644C1}.Debug|x64.Build.0 = Debug|Any CPU
		{22572318-F384-466F-B3DD-34B375D644C1}.Debug|x86.ActiveCfg = Debug|Any CPU
		{22572318-F384-466F-B3DD-34B375D644C1}.Debug|x86.Build.0 = Debug|Any CPU
		{22572318-F384-466F-B3DD-34B375D644C1}.Release|Any CPU.ActiveCfg = Release|Any CPU
		{22572318-F384-466F-B3DD-34B375D644C1}.Release|Any CPU.Build.0 = Release|Any CPU
		{22572318-F384-466F-B3DD-34B375D644C1}.Release|x64.ActiveCfg = Release|Any CPU
		{22572318-F384-466F-B3DD-34B375D644C1}.Release|x64.Build.0 = Release|Any CPU
		{22572318-F384-466F-B3DD-34B375D644C1}.Release|x86.ActiveCfg = Release|Any CPU
		{22572318-F384-466F-B3DD-34B375D644C1}.Release|x86.Build.0 = Release|Any CPU
		{A61B8BDC-E926-42CE-8431-B5516C0313B3}.Debug|Any CPU.ActiveCfg = Debug|Any CPU
		{A61B8BDC-E926-42CE-8431-B5516C0313B3}.Debug|Any CPU.Build.0 = Debug|Any CPU
		{A61B8BDC-E926-42CE-8431-B5516C0313B3}.Debug|x64.ActiveCfg = Debug|Any CPU
		{A61B8BDC-E926-42CE-8431-B5516C0313B3}.Debug|x64.Build.0 = Debug|Any CPU
		{A61B8BDC-E926-42CE-8431-B5516C0313B3}.Debug|x86.ActiveCfg = Debug|Any CPU
		{A61B8BDC-E926-42CE-8431-B5516C0313B3}.Debug|x86.Build.0 = Debug|Any CPU
		{A61B8BDC-E926-42CE-8431-B5516C0313B3}.Release|Any CPU.ActiveCfg = Release|Any CPU
		{A61B8BDC-E926-42CE-8431-B5516C0313B3}.Release|Any CPU.Build.0 = Release|Any CPU
		{A61B8BDC-E926-42CE-8431-B5516C0313B3}.Release|x64.ActiveCfg = Release|Any CPU
		{A61B8BDC-E926-42CE-8431-B5516C0313B3}.Release|x64.Build.0 = Release|Any CPU
		{A61B8BDC-E926-42CE-8431-B5516C0313B3}.Release|x86.ActiveCfg = Release|Any CPU
		{A61B8BDC-E926-42CE-8431-B5516C0313B3}.Release|x86.Build.0 = Release|Any CPU
		{CCFD05AD-C845-4FEE-8CCB-7A8F6B25D59A}.Debug|Any CPU.ActiveCfg = Debug|Any CPU
		{CCFD05AD-C845-4FEE-8CCB-7A8F6B25D59A}.Debug|Any CPU.Build.0 = Debug|Any CPU
		{CCFD05AD-C845-4FEE-8CCB-7A8F6B25D59A}.Debug|x64.ActiveCfg = Debug|Any CPU
		{CCFD05AD-C845-4FEE-8CCB-7A8F6B25D59A}.Debug|x64.Build.0 = Debug|Any CPU
		{CCFD05AD-C845-4FEE-8CCB-7A8F6B25D59A}.Debug|x86.ActiveCfg = Debug|Any CPU
		{CCFD05AD-C845-4FEE-8CCB-7A8F6B25D59A}.Debug|x86.Build.0 = Debug|Any CPU
		{CCFD05AD-C845-4FEE-8CCB-7A8F6B25D59A}.Release|Any CPU.ActiveCfg = Release|Any CPU
		{CCFD05AD-C845-4FEE-8CCB-7A8F6B25D59A}.Release|Any CPU.Build.0 = Release|Any CPU
		{CCFD05AD-C845-4FEE-8CCB-7A8F6B25D59A}.Release|x64.ActiveCfg = Release|Any CPU
		{CCFD05AD-C845-4FEE-8CCB-7A8F6B25D59A}.Release|x64.Build.0 = Release|Any CPU
		{CCFD05AD-C845-4FEE-8CCB-7A8F6B25D59A}.Release|x86.ActiveCfg = Release|Any CPU
		{CCFD05AD-C845-4FEE-8CCB-7A8F6B25D59A}.Release|x86.Build.0 = Release|Any CPU
		{BB21E2B7-2355-480E-8628-47A019FC6527}.Debug|Any CPU.ActiveCfg = Debug|Any CPU
		{BB21E2B7-2355-480E-8628-47A019FC6527}.Debug|Any CPU.Build.0 = Debug|Any CPU
		{BB21E2B7-2355-480E-8628-47A019FC6527}.Debug|x64.ActiveCfg = Debug|Any CPU
		{BB21E2B7-2355-480E-8628-47A019FC6527}.Debug|x64.Build.0 = Debug|Any CPU
		{BB21E2B7-2355-480E-8628-47A019FC6527}.Debug|x86.ActiveCfg = Debug|Any CPU
		{BB21E2B7-2355-480E-8628-47A019FC6527}.Debug|x86.Build.0 = Debug|Any CPU
		{BB21E2B7-2355-480E-8628-47A019FC6527}.Release|Any CPU.ActiveCfg = Release|Any CPU
		{BB21E2B7-2355-480E-8628-47A019FC6527}.Release|Any CPU.Build.0 = Release|Any CPU
		{BB21E2B7-2355-480E-8628-47A019FC6527}.Release|x64.ActiveCfg = Release|Any CPU
		{BB21E2B7-2355-480E-8628-47A019FC6527}.Release|x64.Build.0 = Release|Any CPU
		{BB21E2B7-2355-480E-8628-47A019FC6527}.Release|x86.ActiveCfg = Release|Any CPU
		{BB21E2B7-2355-480E-8628-47A019FC6527}.Release|x86.Build.0 = Release|Any CPU
	EndGlobalSection
	GlobalSection(SolutionProperties) = preSolution
		HideSolutionNode = FALSE
	EndGlobalSection
	GlobalSection(NestedProjects) = preSolution
		{C8E42992-5E42-0C2B-DBFE-AA848D06431C} = {827E0CD3-B72D-47B6-A68D-7590B98EB39B}
		{66E13FE6-9964-4A94-A89E-8C6117C22175} = {C8E42992-5E42-0C2B-DBFE-AA848D06431C}
		{0E94BDA0-8D59-4F48-859F-654DDCE1DC57} = {C8E42992-5E42-0C2B-DBFE-AA848D06431C}
		{EBF76891-3423-46BA-A274-3532848425DB} = {C8E42992-5E42-0C2B-DBFE-AA848D06431C}
		{48EDDEA2-824C-47DF-B495-A0869CA05352} = {C8E42992-5E42-0C2B-DBFE-AA848D06431C}
		{984BB9B3-3FA3-BE33-9484-CAC21695A33C} = {827E0CD3-B72D-47B6-A68D-7590B98EB39B}
		{1BFC9479-12BF-35C3-06B8-42D89D95092B} = {984BB9B3-3FA3-BE33-9484-CAC21695A33C}
		{882FD2D7-2626-45E0-9598-6E6208A0C026} = {1BFC9479-12BF-35C3-06B8-42D89D95092B}
		{40DCC606-8465-4278-8EC8-EE99055029B1} = {1BFC9479-12BF-35C3-06B8-42D89D95092B}
		{D2819349-F0DB-48E7-BBBE-2F1821DABAC7} = {1BFC9479-12BF-35C3-06B8-42D89D95092B}
		{206DE9F3-FA2C-4433-8DAC-1408CFA0F91A} = {1BFC9479-12BF-35C3-06B8-42D89D95092B}
		{4137BF28-B899-3035-DC87-9BA2D48E7A87} = {984BB9B3-3FA3-BE33-9484-CAC21695A33C}
		{94283C22-C007-497B-8229-90CCC118CC34} = {4137BF28-B899-3035-DC87-9BA2D48E7A87}
		{E2202C92-2ABA-48BD-886E-538C3951B380} = {4137BF28-B899-3035-DC87-9BA2D48E7A87}
		{24D8C58D-B2C5-4F00-87FF-E89ABBE8DF92} = {4137BF28-B899-3035-DC87-9BA2D48E7A87}
		{04C233D6-B8CA-406F-8B89-68702132DA17} = {4137BF28-B899-3035-DC87-9BA2D48E7A87}
		{CEAEE270-A8C1-4E3D-933D-BD8F3426E6DD} = {4137BF28-B899-3035-DC87-9BA2D48E7A87}
		{C5FBE174-8E0F-F5A3-B929-8BD0C55C0A32} = {984BB9B3-3FA3-BE33-9484-CAC21695A33C}
		{0D78C349-F86D-4D5B-8F9C-48DCC8BE559F} = {C5FBE174-8E0F-F5A3-B929-8BD0C55C0A32}
		{DD507CCA-2CCD-4782-93F2-B070AE867E05} = {C5FBE174-8E0F-F5A3-B929-8BD0C55C0A32}
		{159A648B-299C-41C4-B235-56D282A4789A} = {C5FBE174-8E0F-F5A3-B929-8BD0C55C0A32}
		{18207553-A602-45D4-9820-427B1B423162} = {C5FBE174-8E0F-F5A3-B929-8BD0C55C0A32}
		{107929D9-B85F-44A9-BFD8-91CA7A2E4A3E} = {C5FBE174-8E0F-F5A3-B929-8BD0C55C0A32}
		{F8A2C1E4-6B5D-4F7A-9C3E-1D8E9A4B5C6F} = {984BB9B3-3FA3-BE33-9484-CAC21695A33C}
		{A1B2C3D4-E5F6-4A5B-8C9D-0E1F2A3B4C5D} = {F8A2C1E4-6B5D-4F7A-9C3E-1D8E9A4B5C6F}
		{B2C3D4E5-F6A7-4B5C-9D0E-1F2A3B4C5D6E} = {F8A2C1E4-6B5D-4F7A-9C3E-1D8E9A4B5C6F}
		{C3D4E5F6-A7B8-4C5D-0E1F-2A3B4C5D6E7F} = {F8A2C1E4-6B5D-4F7A-9C3E-1D8E9A4B5C6F}
		{D4E5F6A7-B8C9-4D5E-1F2A-3B4C5D6E7F8A} = {F8A2C1E4-6B5D-4F7A-9C3E-1D8E9A4B5C6F}
		{449A07AD-4CC8-4371-B6B7-378A12F7560F} = {F8A2C1E4-6B5D-4F7A-9C3E-1D8E9A4B5C6F}
		{46E67FE1-90E9-881E-5856-EB7C9C254E85} = {984BB9B3-3FA3-BE33-9484-CAC21695A33C}
		{E0F08967-39AA-46AD-A2E5-CA68AC7BC32F} = {46E67FE1-90E9-881E-5856-EB7C9C254E85}
		{99D02D21-4EA9-44DE-BDAE-D9034B0EB13D} = {46E67FE1-90E9-881E-5856-EB7C9C254E85}
		{3B3F6CD7-FCCE-4C8A-8F06-3D60C27E01AA} = {46E67FE1-90E9-881E-5856-EB7C9C254E85}
		{EBC746C5-126D-4756-B578-F99EE6A9CD99} = {46E67FE1-90E9-881E-5856-EB7C9C254E85}
		{D3F6D25D-2BA1-4CF2-A180-AC7163349E77} = {46E67FE1-90E9-881E-5856-EB7C9C254E85}
		{DF1E552D-1DCA-48F1-9A8A-E8D6770CE5C7} = {C8E42992-5E42-0C2B-DBFE-AA848D06431C}
		{79B79005-854F-4605-80C4-0DAF7DDE9437} = {984BB9B3-3FA3-BE33-9484-CAC21695A33C}
		{22572318-F384-466F-B3DD-34B375D644C1} = {79B79005-854F-4605-80C4-0DAF7DDE9437}
		{A61B8BDC-E926-42CE-8431-B5516C0313B3} = {79B79005-854F-4605-80C4-0DAF7DDE9437}
		{CCFD05AD-C845-4FEE-8CCB-7A8F6B25D59A} = {79B79005-854F-4605-80C4-0DAF7DDE9437}
		{BB21E2B7-2355-480E-8628-47A019FC6527} = {79B79005-854F-4605-80C4-0DAF7DDE9437}
	EndGlobalSection
EndGlobal
