
Microsoft Visual Studio Solution File, Format Version 12.00
# Visual Studio Version 17
VisualStudioVersion = 17.0.31903.59
MinimumVisualStudioVersion = 10.0.40219.1
Project("{2150E333-8FDC-42A3-9474-1A3956D46DE8}") = "src", "src", "{827E0CD3-B72D-47B6-A68D-7590B98EB39B}"
EndProject
Project("{2150E333-8FDC-42A3-9474-1A3956D46DE8}") = "Shared", "Shared", "{C8E42992-5E42-0C2B-DBFE-AA848D06431C}"
EndProject
Project("{FAE04EC0-301F-11D3-BF4B-00C04F79EFBC}") = "IhsanDev.Shared.Kernel", "src\Shared\IhsanDev.Shared.Kernel\IhsanDev.Shared.Kernel.csproj", "{66E13FE6-9964-4A94-A89E-8C6117C22175}"
EndProject
Project("{FAE04EC0-301F-11D3-BF4B-00C04F79EFBC}") = "IhsanDev.Shared.Application", "src\Shared\IhsanDev.Shared.Application\IhsanDev.Shared.Application.csproj", "{0E94BDA0-8D59-4F48-859F-654DDCE1DC57}"
EndProject
Project("{FAE04EC0-301F-11D3-BF4B-00C04F79EFBC}") = "IhsanDev.Shared.Infrastructure", "src\Shared\IhsanDev.Shared.Infrastructure\IhsanDev.Shared.Infrastructure.csproj", "{EBF76891-3423-46BA-A274-3532848425DB}"
EndProject
Project("{FAE04EC0-301F-11D3-BF4B-00C04F79EFBC}") = "IhsanDev.Shared.Authentication", "src\Shared\IhsanDev.Shared.Authentication\IhsanDev.Shared.Authentication.csproj", "{48EDDEA2-824C-47DF-B495-A0869CA05352}"
EndProject
Project("{FAE04EC0-301F-11D3-BF4B-00C04F79EFBC}") = "IhsanDev.Shared.Messaging", "src\Shared\IhsanDev.Shared.Messaging\IhsanDev.Shared.Messaging.csproj", "{9E2D09CE-477A-4A85-9CEA-6576A0397D78}"
EndProject
Project("{FAE04EC0-301F-11D3-BF4B-00C04F79EFBC}") = "IhsanDev.Shared.Notifications", "src\Shared\IhsanDev.Shared.Notifications\IhsanDev.Shared.Notifications.csproj", "{FD641C4B-A997-4400-9AFA-EC9E8BA5ABFB}"
EndProject
Project("{2150E333-8FDC-42A3-9474-1A3956D46DE8}") = "Services", "Services", "{984BB9B3-3FA3-BE33-9484-CAC21695A33C}"
EndProject
Project("{2150E333-8FDC-42A3-9474-1A3956D46DE8}") = "Identity", "Identity", "{1BFC9479-12BF-35C3-06B8-42D89D95092B}"
EndProject
Project("{FAE04EC0-301F-11D3-BF4B-00C04F79EFBC}") = "Identity.Domain", "src\Services\Identity\Identity.Domain\Identity.Domain.csproj", "{882FD2D7-2626-45E0-9598-6E6208A0C026}"
EndProject
Project("{FAE04EC0-301F-11D3-BF4B-00C04F79EFBC}") = "Identity.Application", "src\Services\Identity\Identity.Application\Identity.Application.csproj", "{40DCC606-8465-4278-8EC8-EE99055029B1}"
EndProject
Project("{FAE04EC0-301F-11D3-BF4B-00C04F79EFBC}") = "Identity.Infrastructure", "src\Services\Identity\Identity.Infrastructure\Identity.Infrastructure.csproj", "{D2819349-F0DB-48E7-BBBE-2F1821DABAC7}"
EndProject
Project("{FAE04EC0-301F-11D3-BF4B-00C04F79EFBC}") = "Identity.API", "src\Services\Identity\Identity.API\Identity.API.csproj", "{206DE9F3-FA2C-4433-8DAC-1408CFA0F91A}"
EndProject
Project("{2150E333-8FDC-42A3-9474-1A3956D46DE8}") = "Tenant", "Tenant", "{4137BF28-B899-3035-DC87-9BA2D48E7A87}"
EndProject
Project("{FAE04EC0-301F-11D3-BF4B-00C04F79EFBC}") = "Tenant.Domain", "src\Services\Tenant\Tenant.Domain\Tenant.Domain.csproj", "{94283C22-C007-497B-8229-90CCC118CC34}"
EndProject
Project("{FAE04EC0-301F-11D3-BF4B-00C04F79EFBC}") = "Tenant.Application", "src\Services\Tenant\Tenant.Application\Tenant.Application.csproj", "{E2202C92-2ABA-48BD-886E-538C3951B380}"
EndProject
Project("{FAE04EC0-301F-11D3-BF4B-00C04F79EFBC}") = "Tenant.Infrastructure", "src\Services\Tenant\Tenant.Infrastructure\Tenant.Infrastructure.csproj", "{24D8C58D-B2C5-4F00-87FF-E89ABBE8DF92}"
EndProject
Project("{FAE04EC0-301F-11D3-BF4B-00C04F79EFBC}") = "Tenant.API", "src\Services\Tenant\Tenant.API\Tenant.API.csproj", "{04C233D6-B8CA-406F-8B89-68702132DA17}"
EndProject
Project("{FAE04EC0-301F-11D3-BF4B-00C04F79EFBC}") = "Tenant.API.Tests", "src\Services\Tenant\Tenant.API.Tests\Tenant.API.Tests.csproj", "{CEAEE270-A8C1-4E3D-933D-BD8F3426E6DD}"
EndProject
Project("{2150E333-8FDC-42A3-9474-1A3956D46DE8}") = "Notification", "Notification", "{C5FBE174-8E0F-F5A3-B929-8BD0C55C0A32}"
EndProject
Project("{FAE04EC0-301F-11D3-BF4B-00C04F79EFBC}") = "Notification.API", "src\Services\Notification\Notification.API\Notification.API.csproj", "{0D78C349-F86D-4D5B-8F9C-48DCC8BE559F}"
EndProject
Project("{FAE04EC0-301F-11D3-BF4B-00C04F79EFBC}") = "Notification.Application", "src\Services\Notification\Notification.Application\Notification.Application.csproj", "{DD507CCA-2CCD-4782-93F2-B070AE867E05}"
EndProject
Project("{FAE04EC0-301F-11D3-BF4B-00C04F79EFBC}") = "Notification.Domain", "src\Services\Notification\Notification.Domain\Notification.Domain.csproj", "{159A648B-299C-41C4-B235-56D282A4789A}"
EndProject
Project("{FAE04EC0-301F-11D3-BF4B-00C04F79EFBC}") = "Notification.Infrastructure", "src\Services\Notification\Notification.Infrastructure\Notification.Infrastructure.csproj", "{18207553-A602-45D4-9820-427B1B423162}"
EndProject
Project("{FAE04EC0-301F-11D3-BF4B-00C04F79EFBC}") = "Notification.API.Tests", "src\Services\Notification\Notification.API.Tests\Notification.API.Tests.csproj", "{107929D9-B85F-44A9-BFD8-91CA7A2E4A3E}"
EndProject
Global
	GlobalSection(SolutionConfigurationPlatforms) = preSolution
		Debug|Any CPU = Debug|Any CPU
		Debug|x64 = Debug|x64
		Debug|x86 = Debug|x86
		Release|Any CPU = Release|Any CPU
		Release|x64 = Release|x64
		Release|x86 = Release|x86
	EndGlobalSection
	GlobalSection(ProjectConfigurationPlatforms) = postSolution
		{66E13FE6-9964-4A94-A89E-8C6117C22175}.Debug|Any CPU.ActiveCfg = Debug|Any CPU
		{66E13FE6-9964-4A94-A89E-8C6117C22175}.Debug|Any CPU.Build.0 = Debug|Any CPU
		{66E13FE6-9964-4A94-A89E-8C6117C22175}.Debug|x64.ActiveCfg = Debug|Any CPU
		{66E13FE6-9964-4A94-A89E-8C6117C22175}.Debug|x64.Build.0 = Debug|Any CPU
		{66E13FE6-9964-4A94-A89E-8C6117C22175}.Debug|x86.ActiveCfg = Debug|Any CPU
		{66E13FE6-9964-4A94-A89E-8C6117C22175}.Debug|x86.Build.0 = Debug|Any CPU
		{66E13FE6-9964-4A94-A89E-8C6117C22175}.Release|Any CPU.ActiveCfg = Release|Any CPU
		{66E13FE6-9964-4A94-A89E-8C6117C22175}.Release|Any CPU.Build.0 = Release|Any CPU
		{66E13FE6-9964-4A94-A89E-8C6117C22175}.Release|x64.ActiveCfg = Release|Any CPU
		{66E13FE6-9964-4A94-A89E-8C6117C22175}.Release|x64.Build.0 = Release|Any CPU
		{66E13FE6-9964-4A94-A89E-8C6117C22175}.Release|x86.ActiveCfg = Release|Any CPU
		{66E13FE6-9964-4A94-A89E-8C6117C22175}.Release|x86.Build.0 = Release|Any CPU
		{0E94BDA0-8D59-4F48-859F-654DDCE1DC57}.Debug|Any CPU.ActiveCfg = Debug|Any CPU
		{0E94BDA0-8D59-4F48-859F-654DDCE1DC57}.Debug|Any CPU.Build.0 = Debug|Any CPU
		{0E94BDA0-8D59-4F48-859F-654DDCE1DC57}.Debug|x64.ActiveCfg = Debug|Any CPU
		{0E94BDA0-8D59-4F48-859F-654DDCE1DC57}.Debug|x64.Build.0 = Debug|Any CPU
		{0E94BDA0-8D59-4F48-859F-654DDCE1DC57}.Debug|x86.ActiveCfg = Debug|Any CPU
		{0E94BDA0-8D59-4F48-859F-654DDCE1DC57}.Debug|x86.Build.0 = Debug|Any CPU
		{0E94BDA0-8D59-4F48-859F-654DDCE1DC57}.Release|Any CPU.ActiveCfg = Release|Any CPU
		{0E94BDA0-8D59-4F48-859F-654DDCE1DC57}.Release|Any CPU.Build.0 = Release|Any CPU
		{0E94BDA0-8D59-4F48-859F-654DDCE1DC57}.Release|x64.ActiveCfg = Release|Any CPU
		{0E94BDA0-8D59-4F48-859F-654DDCE1DC57}.Release|x64.Build.0 = Release|Any CPU
		{0E94BDA0-8D59-4F48-859F-654DDCE1DC57}.Release|x86.ActiveCfg = Release|Any CPU
		{0E94BDA0-8D59-4F48-859F-654DDCE1DC57}.Release|x86.Build.0 = Release|Any CPU
		{EBF76891-3423-46BA-A274-3532848425DB}.Debug|Any CPU.ActiveCfg = Debug|Any CPU
		{EBF76891-3423-46BA-A274-3532848425DB}.Debug|Any CPU.Build.0 = Debug|Any CPU
		{EBF76891-3423-46BA-A274-3532848425DB}.Debug|x64.ActiveCfg = Debug|Any CPU
		{EBF76891-3423-46BA-A274-3532848425DB}.Debug|x64.Build.0 = Debug|Any CPU
		{EBF76891-3423-46BA-A274-3532848425DB}.Debug|x86.ActiveCfg = Debug|Any CPU
		{EBF76891-3423-46BA-A274-3532848425DB}.Debug|x86.Build.0 = Debug|Any CPU
		{EBF76891-3423-46BA-A274-3532848425DB}.Release|Any CPU.ActiveCfg = Release|Any CPU
		{EBF76891-3423-46BA-A274-3532848425DB}.Release|Any CPU.Build.0 = Release|Any CPU
		{EBF76891-3423-46BA-A274-3532848425DB}.Release|x64.ActiveCfg = Release|Any CPU
		{EBF76891-3423-46BA-A274-3532848425DB}.Release|x64.Build.0 = Release|Any CPU
		{EBF76891-3423-46BA-A274-3532848425DB}.Release|x86.ActiveCfg = Release|Any CPU
		{EBF76891-3423-46BA-A274-3532848425DB}.Release|x86.Build.0 = Release|Any CPU
		{48EDDEA2-824C-47DF-B495-A0869CA05352}.Debug|Any CPU.ActiveCfg = Debug|Any CPU
		{48EDDEA2-824C-47DF-B495-A0869CA05352}.Debug|Any CPU.Build.0 = Debug|Any CPU
		{48EDDEA2-824C-47DF-B495-A0869CA05352}.Debug|x64.ActiveCfg = Debug|Any CPU
		{48EDDEA2-824C-47DF-B495-A0869CA05352}.Debug|x64.Build.0 = Debug|Any CPU
		{48EDDEA2-824C-47DF-B495-A0869CA05352}.Debug|x86.ActiveCfg = Debug|Any CPU
		{48EDDEA2-824C-47DF-B495-A0869CA05352}.Debug|x86.Build.0 = Debug|Any CPU
		{48EDDEA2-824C-47DF-B495-A0869CA05352}.Release|Any CPU.ActiveCfg = Release|Any CPU
		{48EDDEA2-824C-47DF-B495-A0869CA05352}.Release|Any CPU.Build.0 = Release|Any CPU
		{48EDDEA2-824C-47DF-B495-A0869CA05352}.Release|x64.ActiveCfg = Release|Any CPU
		{48EDDEA2-824C-47DF-B495-A0869CA05352}.Release|x64.Build.0 = Release|Any CPU
		{48EDDEA2-824C-47DF-B495-A0869CA05352}.Release|x86.ActiveCfg = Release|Any CPU
		{48EDDEA2-824C-47DF-B495-A0869CA05352}.Release|x86.Build.0 = Release|Any CPU
		{9E2D09CE-477A-4A85-9CEA-6576A0397D78}.Debug|Any CPU.ActiveCfg = Debug|Any CPU
		{9E2D09CE-477A-4A85-9CEA-6576A0397D78}.Debug|Any CPU.Build.0 = Debug|Any CPU
		{9E2D09CE-477A-4A85-9CEA-6576A0397D78}.Debug|x64.ActiveCfg = Debug|Any CPU
		{9E2D09CE-477A-4A85-9CEA-6576A0397D78}.Debug|x64.Build.0 = Debug|Any CPU
		{9E2D09CE-477A-4A85-9CEA-6576A0397D78}.Debug|x86.ActiveCfg = Debug|Any CPU
		{9E2D09CE-477A-4A85-9CEA-6576A0397D78}.Debug|x86.Build.0 = Debug|Any CPU
		{9E2D09CE-477A-4A85-9CEA-6576A0397D78}.Release|Any CPU.ActiveCfg = Release|Any CPU
		{9E2D09CE-477A-4A85-9CEA-6576A0397D78}.Release|Any CPU.Build.0 = Release|Any CPU
		{9E2D09CE-477A-4A85-9CEA-6576A0397D78}.Release|x64.ActiveCfg = Release|Any CPU
		{9E2D09CE-477A-4A85-9CEA-6576A0397D78}.Release|x64.Build.0 = Release|Any CPU
		{9E2D09CE-477A-4A85-9CEA-6576A0397D78}.Release|x86.ActiveCfg = Release|Any CPU
		{9E2D09CE-477A-4A85-9CEA-6576A0397D78}.Release|x86.Build.0 = Release|Any CPU
		{FD641C4B-A997-4400-9AFA-EC9E8BA5ABFB}.Debug|Any CPU.ActiveCfg = Debug|Any CPU
		{FD641C4B-A997-4400-9AFA-EC9E8BA5ABFB}.Debug|Any CPU.Build.0 = Debug|Any CPU
		{FD641C4B-A997-4400-9AFA-EC9E8BA5ABFB}.Debug|x64.ActiveCfg = Debug|Any CPU
		{FD641C4B-A997-4400-9AFA-EC9E8BA5ABFB}.Debug|x64.Build.0 = Debug|Any CPU
		{FD641C4B-A997-4400-9AFA-EC9E8BA5ABFB}.Debug|x86.ActiveCfg = Debug|Any CPU
		{FD641C4B-A997-4400-9AFA-EC9E8BA5ABFB}.Debug|x86.Build.0 = Debug|Any CPU
		{FD641C4B-A997-4400-9AFA-EC9E8BA5ABFB}.Release|Any CPU.ActiveCfg = Release|Any CPU
		{FD641C4B-A997-4400-9AFA-EC9E8BA5ABFB}.Release|Any CPU.Build.0 = Release|Any CPU
		{FD641C4B-A997-4400-9AFA-EC9E8BA5ABFB}.Release|x64.ActiveCfg = Release|Any CPU
		{FD641C4B-A997-4400-9AFA-EC9E8BA5ABFB}.Release|x64.Build.0 = Release|Any CPU
		{FD641C4B-A997-4400-9AFA-EC9E8BA5ABFB}.Release|x86.ActiveCfg = Release|Any CPU
		{FD641C4B-A997-4400-9AFA-EC9E8BA5ABFB}.Release|x86.Build.0 = Release|Any CPU
		{882FD2D7-2626-45E0-9598-6E6208A0C026}.Debug|Any CPU.ActiveCfg = Debug|Any CPU
		{882FD2D7-2626-45E0-9598-6E6208A0C026}.Debug|Any CPU.Build.0 = Debug|Any CPU
		{882FD2D7-2626-45E0-9598-6E6208A0C026}.Debug|x64.ActiveCfg = Debug|Any CPU
		{882FD2D7-2626-45E0-9598-6E6208A0C026}.Debug|x64.Build.0 = Debug|Any CPU
		{882FD2D7-2626-45E0-9598-6E6208A0C026}.Debug|x86.ActiveCfg = Debug|Any CPU
		{882FD2D7-2626-45E0-9598-6E6208A0C026}.Debug|x86.Build.0 = Debug|Any CPU
		{882FD2D7-2626-45E0-9598-6E6208A0C026}.Release|Any CPU.ActiveCfg = Release|Any CPU
		{882FD2D7-2626-45E0-9598-6E6208A0C026}.Release|Any CPU.Build.0 = Release|Any CPU
		{882FD2D7-2626-45E0-9598-6E6208A0C026}.Release|x64.ActiveCfg = Release|Any CPU
		{882FD2D7-2626-45E0-9598-6E6208A0C026}.Release|x64.Build.0 = Release|Any CPU
		{882FD2D7-2626-45E0-9598-6E6208A0C026}.Release|x86.ActiveCfg = Release|Any CPU
		{882FD2D7-2626-45E0-9598-6E6208A0C026}.Release|x86.Build.0 = Release|Any CPU
		{40DCC606-8465-4278-8EC8-EE99055029B1}.Debug|Any CPU.ActiveCfg = Debug|Any CPU
		{40DCC606-8465-4278-8EC8-EE99055029B1}.Debug|Any CPU.Build.0 = Debug|Any CPU
		{40DCC606-8465-4278-8EC8-EE99055029B1}.Debug|x64.ActiveCfg = Debug|Any CPU
		{40DCC606-8465-4278-8EC8-EE99055029B1}.Debug|x64.Build.0 = Debug|Any CPU
		{40DCC606-8465-4278-8EC8-EE99055029B1}.Debug|x86.ActiveCfg = Debug|Any CPU
		{40DCC606-8465-4278-8EC8-EE99055029B1}.Debug|x86.Build.0 = Debug|Any CPU
		{40DCC606-8465-4278-8EC8-EE99055029B1}.Release|Any CPU.ActiveCfg = Release|Any CPU
		{40DCC606-8465-4278-8EC8-EE99055029B1}.Release|Any CPU.Build.0 = Release|Any CPU
		{40DCC606-8465-4278-8EC8-EE99055029B1}.Release|x64.ActiveCfg = Release|Any CPU
		{40DCC606-8465-4278-8EC8-EE99055029B1}.Release|x64.Build.0 = Release|Any CPU
		{40DCC606-8465-4278-8EC8-EE99055029B1}.Release|x86.ActiveCfg = Release|Any CPU
		{40DCC606-8465-4278-8EC8-EE99055029B1}.Release|x86.Build.0 = Release|Any CPU
		{D2819349-F0DB-48E7-BBBE-2F1821DABAC7}.Debug|Any CPU.ActiveCfg = Debug|Any CPU
		{D2819349-F0DB-48E7-BBBE-2F1821DABAC7}.Debug|Any CPU.Build.0 = Debug|Any CPU
		{D2819349-F0DB-48E7-BBBE-2F1821DABAC7}.Debug|x64.ActiveCfg = Debug|Any CPU
		{D2819349-F0DB-48E7-BBBE-2F1821DABAC7}.Debug|x64.Build.0 = Debug|Any CPU
		{D2819349-F0DB-48E7-BBBE-2F1821DABAC7}.Debug|x86.ActiveCfg = Debug|Any CPU
		{D2819349-F0DB-48E7-BBBE-2F1821DABAC7}.Debug|x86.Build.0 = Debug|Any CPU
		{D2819349-F0DB-48E7-BBBE-2F1821DABAC7}.Release|Any CPU.ActiveCfg = Release|Any CPU
		{D2819349-F0DB-48E7-BBBE-2F1821DABAC7}.Release|Any CPU.Build.0 = Release|Any CPU
		{D2819349-F0DB-48E7-BBBE-2F1821DABAC7}.Release|x64.ActiveCfg = Release|Any CPU
		{D2819349-F0DB-48E7-BBBE-2F1821DABAC7}.Release|x64.Build.0 = Release|Any CPU
		{D2819349-F0DB-48E7-BBBE-2F1821DABAC7}.Release|x86.ActiveCfg = Release|Any CPU
		{D2819349-F0DB-48E7-BBBE-2F1821DABAC7}.Release|x86.Build.0 = Release|Any CPU
		{206DE9F3-FA2C-4433-8DAC-1408CFA0F91A}.Debug|Any CPU.ActiveCfg = Debug|Any CPU
		{206DE9F3-FA2C-4433-8DAC-1408CFA0F91A}.Debug|Any CPU.Build.0 = Debug|Any CPU
		{206DE9F3-FA2C-4433-8DAC-1408CFA0F91A}.Debug|x64.ActiveCfg = Debug|Any CPU
		{206DE9F3-FA2C-4433-8DAC-1408CFA0F91A}.Debug|x64.Build.0 = Debug|Any CPU
		{206DE9F3-FA2C-4433-8DAC-1408CFA0F91A}.Debug|x86.ActiveCfg = Debug|Any CPU
		{206DE9F3-FA2C-4433-8DAC-1408CFA0F91A}.Debug|x86.Build.0 = Debug|Any CPU
		{206DE9F3-FA2C-4433-8DAC-1408CFA0F91A}.Release|Any CPU.ActiveCfg = Release|Any CPU
		{206DE9F3-FA2C-4433-8DAC-1408CFA0F91A}.Release|Any CPU.Build.0 = Release|Any CPU
		{206DE9F3-FA2C-4433-8DAC-1408CFA0F91A}.Release|x64.ActiveCfg = Release|Any CPU
		{206DE9F3-FA2C-4433-8DAC-1408CFA0F91A}.Release|x64.Build.0 = Release|Any CPU
		{206DE9F3-FA2C-4433-8DAC-1408CFA0F91A}.Release|x86.ActiveCfg = Release|Any CPU
		{206DE9F3-FA2C-4433-8DAC-1408CFA0F91A}.Release|x86.Build.0 = Release|Any CPU
		{94283C22-C007-497B-8229-90CCC118CC34}.Debug|Any CPU.ActiveCfg = Debug|Any CPU
		{94283C22-C007-497B-8229-90CCC118CC34}.Debug|Any CPU.Build.0 = Debug|Any CPU
		{94283C22-C007-497B-8229-90CCC118CC34}.Debug|x64.ActiveCfg = Debug|Any CPU
		{94283C22-C007-497B-8229-90CCC118CC34}.Debug|x64.Build.0 = Debug|Any CPU
		{94283C22-C007-497B-8229-90CCC118CC34}.Debug|x86.ActiveCfg = Debug|Any CPU
		{94283C22-C007-497B-8229-90CCC118CC34}.Debug|x86.Build.0 = Debug|Any CPU
		{94283C22-C007-497B-8229-90CCC118CC34}.Release|Any CPU.ActiveCfg = Release|Any CPU
		{94283C22-C007-497B-8229-90CCC118CC34}.Release|Any CPU.Build.0 = Release|Any CPU
		{94283C22-C007-497B-8229-90CCC118CC34}.Release|x64.ActiveCfg = Release|Any CPU
		{94283C22-C007-497B-8229-90CCC118CC34}.Release|x64.Build.0 = Release|Any CPU
		{94283C22-C007-497B-8229-90CCC118CC34}.Release|x86.ActiveCfg = Release|Any CPU
		{94283C22-C007-497B-8229-90CCC118CC34}.Release|x86.Build.0 = Release|Any CPU
		{E2202C92-2ABA-48BD-886E-538C3951B380}.Debug|Any CPU.ActiveCfg = Debug|Any CPU
		{E2202C92-2ABA-48BD-886E-538C3951B380}.Debug|Any CPU.Build.0 = Debug|Any CPU
		{E2202C92-2ABA-48BD-886E-538C3951B380}.Debug|x64.ActiveCfg = Debug|Any CPU
		{E2202C92-2ABA-48BD-886E-538C3951B380}.Debug|x64.Build.0 = Debug|Any CPU
		{E2202C92-2ABA-48BD-886E-538C3951B380}.Debug|x86.ActiveCfg = Debug|Any CPU
		{E2202C92-2ABA-48BD-886E-538C3951B380}.Debug|x86.Build.0 = Debug|Any CPU
		{E2202C92-2ABA-48BD-886E-538C3951B380}.Release|Any CPU.ActiveCfg = Release|Any CPU
		{E2202C92-2ABA-48BD-886E-538C3951B380}.Release|Any CPU.Build.0 = Release|Any CPU
		{E2202C92-2ABA-48BD-886E-538C3951B380}.Release|x64.ActiveCfg = Release|Any CPU
		{E2202C92-2ABA-48BD-886E-538C3951B380}.Release|x64.Build.0 = Release|Any CPU
		{E2202C92-2ABA-48BD-886E-538C3951B380}.Release|x86.ActiveCfg = Release|Any CPU
		{E2202C92-2ABA-48BD-886E-538C3951B380}.Release|x86.Build.0 = Release|Any CPU
		{24D8C58D-B2C5-4F00-87FF-E89ABBE8DF92}.Debug|Any CPU.ActiveCfg = Debug|Any CPU
		{24D8C58D-B2C5-4F00-87FF-E89ABBE8DF92}.Debug|Any CPU.Build.0 = Debug|Any CPU
		{24D8C58D-B2C5-4F00-87FF-E89ABBE8DF92}.Debug|x64.ActiveCfg = Debug|Any CPU
		{24D8C58D-B2C5-4F00-87FF-E89ABBE8DF92}.Debug|x64.Build.0 = Debug|Any CPU
		{24D8C58D-B2C5-4F00-87FF-E89ABBE8DF92}.Debug|x86.ActiveCfg = Debug|Any CPU
		{24D8C58D-B2C5-4F00-87FF-E89ABBE8DF92}.Debug|x86.Build.0 = Debug|Any CPU
		{24D8C58D-B2C5-4F00-87FF-E89ABBE8DF92}.Release|Any CPU.ActiveCfg = Release|Any CPU
		{24D8C58D-B2C5-4F00-87FF-E89ABBE8DF92}.Release|Any CPU.Build.0 = Release|Any CPU
		{24D8C58D-B2C5-4F00-87FF-E89ABBE8DF92}.Release|x64.ActiveCfg = Release|Any CPU
		{24D8C58D-B2C5-4F00-87FF-E89ABBE8DF92}.Release|x64.Build.0 = Release|Any CPU
		{24D8C58D-B2C5-4F00-87FF-E89ABBE8DF92}.Release|x86.ActiveCfg = Release|Any CPU
		{24D8C58D-B2C5-4F00-87FF-E89ABBE8DF92}.Release|x86.Build.0 = Release|Any CPU
		{04C233D6-B8CA-406F-8B89-68702132DA17}.Debug|Any CPU.ActiveCfg = Debug|Any CPU
		{04C233D6-B8CA-406F-8B89-68702132DA17}.Debug|Any CPU.Build.0 = Debug|Any CPU
		{04C233D6-B8CA-406F-8B89-68702132DA17}.Debug|x64.ActiveCfg = Debug|Any CPU
		{04C233D6-B8CA-406F-8B89-68702132DA17}.Debug|x64.Build.0 = Debug|Any CPU
		{04C233D6-B8CA-406F-8B89-68702132DA17}.Debug|x86.ActiveCfg = Debug|Any CPU
		{04C233D6-B8CA-406F-8B89-68702132DA17}.Debug|x86.Build.0 = Debug|Any CPU
		{04C233D6-B8CA-406F-8B89-68702132DA17}.Release|Any CPU.ActiveCfg = Release|Any CPU
		{04C233D6-B8CA-406F-8B89-68702132DA17}.Release|Any CPU.Build.0 = Release|Any CPU
		{04C233D6-B8CA-406F-8B89-68702132DA17}.Release|x64.ActiveCfg = Release|Any CPU
		{04C233D6-B8CA-406F-8B89-68702132DA17}.Release|x64.Build.0 = Release|Any CPU
		{04C233D6-B8CA-406F-8B89-68702132DA17}.Release|x86.ActiveCfg = Release|Any CPU
		{04C233D6-B8CA-406F-8B89-68702132DA17}.Release|x86.Build.0 = Release|Any CPU
		{CEAEE270-A8C1-4E3D-933D-BD8F3426E6DD}.Debug|Any CPU.ActiveCfg = Debug|Any CPU
		{CEAEE270-A8C1-4E3D-933D-BD8F3426E6DD}.Debug|Any CPU.Build.0 = Debug|Any CPU
		{CEAEE270-A8C1-4E3D-933D-BD8F3426E6DD}.Debug|x64.ActiveCfg = Debug|Any CPU
		{CEAEE270-A8C1-4E3D-933D-BD8F3426E6DD}.Debug|x64.Build.0 = Debug|Any CPU
		{CEAEE270-A8C1-4E3D-933D-BD8F3426E6DD}.Debug|x86.ActiveCfg = Debug|Any CPU
		{CEAEE270-A8C1-4E3D-933D-BD8F3426E6DD}.Debug|x86.Build.0 = Debug|Any CPU
		{CEAEE270-A8C1-4E3D-933D-BD8F3426E6DD}.Release|Any CPU.ActiveCfg = Release|Any CPU
		{CEAEE270-A8C1-4E3D-933D-BD8F3426E6DD}.Release|Any CPU.Build.0 = Release|Any CPU
		{CEAEE270-A8C1-4E3D-933D-BD8F3426E6DD}.Release|x64.ActiveCfg = Release|Any CPU
		{CEAEE270-A8C1-4E3D-933D-BD8F3426E6DD}.Release|x64.Build.0 = Release|Any CPU
		{CEAEE270-A8C1-4E3D-933D-BD8F3426E6DD}.Release|x86.ActiveCfg = Release|Any CPU
		{CEAEE270-A8C1-4E3D-933D-BD8F3426E6DD}.Release|x86.Build.0 = Release|Any CPU
		{0D78C349-F86D-4D5B-8F9C-48DCC8BE559F}.Debug|Any CPU.ActiveCfg = Debug|Any CPU
		{0D78C349-F86D-4D5B-8F9C-48DCC8BE559F}.Debug|Any CPU.Build.0 = Debug|Any CPU
		{0D78C349-F86D-4D5B-8F9C-48DCC8BE559F}.Debug|x64.ActiveCfg = Debug|Any CPU
		{0D78C349-F86D-4D5B-8F9C-48DCC8BE559F}.Debug|x64.Build.0 = Debug|Any CPU
		{0D78C349-F86D-4D5B-8F9C-48DCC8BE559F}.Debug|x86.ActiveCfg = Debug|Any CPU
		{0D78C349-F86D-4D5B-8F9C-48DCC8BE559F}.Debug|x86.Build.0 = Debug|Any CPU
		{0D78C349-F86D-4D5B-8F9C-48DCC8BE559F}.Release|Any CPU.ActiveCfg = Release|Any CPU
		{0D78C349-F86D-4D5B-8F9C-48DCC8BE559F}.Release|Any CPU.Build.0 = Release|Any CPU
		{0D78C349-F86D-4D5B-8F9C-48DCC8BE559F}.Release|x64.ActiveCfg = Release|Any CPU
		{0D78C349-F86D-4D5B-8F9C-48DCC8BE559F}.Release|x64.Build.0 = Release|Any CPU
		{0D78C349-F86D-4D5B-8F9C-48DCC8BE559F}.Release|x86.ActiveCfg = Release|Any CPU
		{0D78C349-F86D-4D5B-8F9C-48DCC8BE559F}.Release|x86.Build.0 = Release|Any CPU
		{DD507CCA-2CCD-4782-93F2-B070AE867E05}.Debug|Any CPU.ActiveCfg = Debug|Any CPU
		{DD507CCA-2CCD-4782-93F2-B070AE867E05}.Debug|Any CPU.Build.0 = Debug|Any CPU
		{DD507CCA-2CCD-4782-93F2-B070AE867E05}.Debug|x64.ActiveCfg = Debug|Any CPU
		{DD507CCA-2CCD-4782-93F2-B070AE867E05}.Debug|x64.Build.0 = Debug|Any CPU
		{DD507CCA-2CCD-4782-93F2-B070AE867E05}.Debug|x86.ActiveCfg = Debug|Any CPU
		{DD507CCA-2CCD-4782-93F2-B070AE867E05}.Debug|x86.Build.0 = Debug|Any CPU
		{DD507CCA-2CCD-4782-93F2-B070AE867E05}.Release|Any CPU.ActiveCfg = Release|Any CPU
		{DD507CCA-2CCD-4782-93F2-B070AE867E05}.Release|Any CPU.Build.0 = Release|Any CPU
		{DD507CCA-2CCD-4782-93F2-B070AE867E05}.Release|x64.ActiveCfg = Release|Any CPU
		{DD507CCA-2CCD-4782-93F2-B070AE867E05}.Release|x64.Build.0 = Release|Any CPU
		{DD507CCA-2CCD-4782-93F2-B070AE867E05}.Release|x86.ActiveCfg = Release|Any CPU
		{DD507CCA-2CCD-4782-93F2-B070AE867E05}.Release|x86.Build.0 = Release|Any CPU
		{159A648B-299C-41C4-B235-56D282A4789A}.Debug|Any CPU.ActiveCfg = Debug|Any CPU
		{159A648B-299C-41C4-B235-56D282A4789A}.Debug|Any CPU.Build.0 = Debug|Any CPU
		{159A648B-299C-41C4-B235-56D282A4789A}.Debug|x64.ActiveCfg = Debug|Any CPU
		{159A648B-299C-41C4-B235-56D282A4789A}.Debug|x64.Build.0 = Debug|Any CPU
		{159A648B-299C-41C4-B235-56D282A4789A}.Debug|x86.ActiveCfg = Debug|Any CPU
		{159A648B-299C-41C4-B235-56D282A4789A}.Debug|x86.Build.0 = Debug|Any CPU
		{159A648B-299C-41C4-B235-56D282A4789A}.Release|Any CPU.ActiveCfg = Release|Any CPU
		{159A648B-299C-41C4-B235-56D282A4789A}.Release|Any CPU.Build.0 = Release|Any CPU
		{159A648B-299C-41C4-B235-56D282A4789A}.Release|x64.ActiveCfg = Release|Any CPU
		{159A648B-299C-41C4-B235-56D282A4789A}.Release|x64.Build.0 = Release|Any CPU
		{159A648B-299C-41C4-B235-56D282A4789A}.Release|x86.ActiveCfg = Release|Any CPU
		{159A648B-299C-41C4-B235-56D282A4789A}.Release|x86.Build.0 = Release|Any CPU
		{18207553-A602-45D4-9820-427B1B423162}.Debug|Any CPU.ActiveCfg = Debug|Any CPU
		{18207553-A602-45D4-9820-427B1B423162}.Debug|Any CPU.Build.0 = Debug|Any CPU
		{18207553-A602-45D4-9820-427B1B423162}.Debug|x64.ActiveCfg = Debug|Any CPU
		{18207553-A602-45D4-9820-427B1B423162}.Debug|x64.Build.0 = Debug|Any CPU
		{18207553-A602-45D4-9820-427B1B423162}.Debug|x86.ActiveCfg = Debug|Any CPU
		{18207553-A602-45D4-9820-427B1B423162}.Debug|x86.Build.0 = Debug|Any CPU
		{18207553-A602-45D4-9820-427B1B423162}.Release|Any CPU.ActiveCfg = Release|Any CPU
		{18207553-A602-45D4-9820-427B1B423162}.Release|Any CPU.Build.0 = Release|Any CPU
		{18207553-A602-45D4-9820-427B1B423162}.Release|x64.ActiveCfg = Release|Any CPU
		{18207553-A602-45D4-9820-427B1B423162}.Release|x64.Build.0 = Release|Any CPU
		{18207553-A602-45D4-9820-427B1B423162}.Release|x86.ActiveCfg = Release|Any CPU
		{18207553-A602-45D4-9820-427B1B423162}.Release|x86.Build.0 = Release|Any CPU
		{107929D9-B85F-44A9-BFD8-91CA7A2E4A3E}.Debug|Any CPU.ActiveCfg = Debug|Any CPU
		{107929D9-B85F-44A9-BFD8-91CA7A2E4A3E}.Debug|Any CPU.Build.0 = Debug|Any CPU
		{107929D9-B85F-44A9-BFD8-91CA7A2E4A3E}.Debug|x64.ActiveCfg = Debug|Any CPU
		{107929D9-B85F-44A9-BFD8-91CA7A2E4A3E}.Debug|x64.Build.0 = Debug|Any CPU
		{107929D9-B85F-44A9-BFD8-91CA7A2E4A3E}.Debug|x86.ActiveCfg = Debug|Any CPU
		{107929D9-B85F-44A9-BFD8-91CA7A2E4A3E}.Debug|x86.Build.0 = Debug|Any CPU
		{107929D9-B85F-44A9-BFD8-91CA7A2E4A3E}.Release|Any CPU.ActiveCfg = Release|Any CPU
		{107929D9-B85F-44A9-BFD8-91CA7A2E4A3E}.Release|Any CPU.Build.0 = Release|Any CPU
		{107929D9-B85F-44A9-BFD8-91CA7A2E4A3E}.Release|x64.ActiveCfg = Release|Any CPU
		{107929D9-B85F-44A9-BFD8-91CA7A2E4A3E}.Release|x64.Build.0 = Release|Any CPU
		{107929D9-B85F-44A9-BFD8-91CA7A2E4A3E}.Release|x86.ActiveCfg = Release|Any CPU
		{107929D9-B85F-44A9-BFD8-91CA7A2E4A3E}.Release|x86.Build.0 = Release|Any CPU
	EndGlobalSection
	GlobalSection(SolutionProperties) = preSolution
		HideSolutionNode = FALSE
	EndGlobalSection
	GlobalSection(NestedProjects) = preSolution
		{C8E42992-5E42-0C2B-DBFE-AA848D06431C} = {827E0CD3-B72D-47B6-A68D-7590B98EB39B}
		{66E13FE6-9964-4A94-A89E-8C6117C22175} = {C8E42992-5E42-0C2B-DBFE-AA848D06431C}
		{0E94BDA0-8D59-4F48-859F-654DDCE1DC57} = {C8E42992-5E42-0C2B-DBFE-AA848D06431C}
		{EBF76891-3423-46BA-A274-3532848425DB} = {C8E42992-5E42-0C2B-DBFE-AA848D06431C}
		{48EDDEA2-824C-47DF-B495-A0869CA05352} = {C8E42992-5E42-0C2B-DBFE-AA848D06431C}
		{9E2D09CE-477A-4A85-9CEA-6576A0397D78} = {C8E42992-5E42-0C2B-DBFE-AA848D06431C}
		{FD641C4B-A997-4400-9AFA-EC9E8BA5ABFB} = {C8E42992-5E42-0C2B-DBFE-AA848D06431C}
		{984BB9B3-3FA3-BE33-9484-CAC21695A33C} = {827E0CD3-B72D-47B6-A68D-7590B98EB39B}
		{1BFC9479-12BF-35C3-06B8-42D89D95092B} = {984BB9B3-3FA3-BE33-9484-CAC21695A33C}
		{882FD2D7-2626-45E0-9598-6E6208A0C026} = {1BFC9479-12BF-35C3-06B8-42D89D95092B}
		{40DCC606-8465-4278-8EC8-EE99055029B1} = {1BFC9479-12BF-35C3-06B8-42D89D95092B}
		{D2819349-F0DB-48E7-BBBE-2F1821DABAC7} = {1BFC9479-12BF-35C3-06B8-42D89D95092B}
		{206DE9F3-FA2C-4433-8DAC-1408CFA0F91A} = {1BFC9479-12BF-35C3-06B8-42D89D95092B}
		{4137BF28-B899-3035-DC87-9BA2D48E7A87} = {984BB9B3-3FA3-BE33-9484-CAC21695A33C}
		{94283C22-C007-497B-8229-90CCC118CC34} = {4137BF28-B899-3035-DC87-9BA2D48E7A87}
		{E2202C92-2ABA-48BD-886E-538C3951B380} = {4137BF28-B899-3035-DC87-9BA2D48E7A87}
		{24D8C58D-B2C5-4F00-87FF-E89ABBE8DF92} = {4137BF28-B899-3035-DC87-9BA2D48E7A87}
		{04C233D6-B8CA-406F-8B89-68702132DA17} = {4137BF28-B899-3035-DC87-9BA2D48E7A87}
		{CEAEE270-A8C1-4E3D-933D-BD8F3426E6DD} = {4137BF28-B899-3035-DC87-9BA2D48E7A87}
		{C5FBE174-8E0F-F5A3-B929-8BD0C55C0A32} = {984BB9B3-3FA3-BE33-9484-CAC21695A33C}
		{0D78C349-F86D-4D5B-8F9C-48DCC8BE559F} = {C5FBE174-8E0F-F5A3-B929-8BD0C55C0A32}
		{DD507CCA-2CCD-4782-93F2-B070AE867E05} = {C5FBE174-8E0F-F5A3-B929-8BD0C55C0A32}
		{159A648B-299C-41C4-B235-56D282A4789A} = {C5FBE174-8E0F-F5A3-B929-8BD0C55C0A32}
		{18207553-A602-45D4-9820-427B1B423162} = {C5FBE174-8E0F-F5A3-B929-8BD0C55C0A32}
		{107929D9-B85F-44A9-BFD8-91CA7A2E4A3E} = {C5FBE174-8E0F-F5A3-B929-8BD0C55C0A32}
	EndGlobalSection
EndGlobal
